{
  "version": 4,
  "terraform_version": "1.3.7",
  "serial": 519,
  "lineage": "e8f83830-80e8-b246-3a78-9cbc3511293a",
  "outputs": {
    "hello-world": {
      "value": "Hello World",
      "type": "string"
    }
  },
  "resources": [
    {
      "mode": "data",
      "type": "aws_ami",
      "name": "ubuntu",
      "provider": "provider[\"registry.terraform.io/hashicorp/aws\"]",
      "instances": [
        {
          "schema_version": 0,
          "attributes": {
            "architecture": "x86_64",
            "arn": "arn:aws:ec2:us-east-1::image/ami-027a754129abb5386",
            "block_device_mappings": [
              {
                "device_name": "/dev/sda1",
                "ebs": {
                  "delete_on_termination": "true",
                  "encrypted": "false",
                  "iops": "0",
                  "snapshot_id": "snap-0a5f4f04d020b4bfb",
                  "throughput": "0",
                  "volume_size": "8",
                  "volume_type": "gp2"
                },
                "no_device": "",
                "virtual_name": ""
              },
              {
                "device_name": "/dev/sdb",
                "ebs": {},
                "no_device": "",
                "virtual_name": "ephemeral0"
              },
              {
                "device_name": "/dev/sdc",
                "ebs": {},
                "no_device": "",
                "virtual_name": "ephemeral1"
              }
            ],
            "boot_mode": "legacy-bios",
            "creation_date": "2023-12-08T23:22:13.000Z",
            "deprecation_time": "2025-12-08T23:22:13.000Z",
            "description": "Canonical, Ubuntu, 20.04 LTS, amd64 focal image build on 2023-12-08",
            "ena_support": true,
            "executable_users": null,
            "filter": [
              {
                "name": "name",
                "values": [
                  "ubuntu/images/hvm-ssd/ubuntu-focal-20.04-amd64-server-*"
                ]
              },
              {
                "name": "virtualization-type",
                "values": [
                  "hvm"
                ]
              }
            ],
            "hypervisor": "xen",
            "id": "ami-027a754129abb5386",
            "image_id": "ami-027a754129abb5386",
            "image_location": "amazon/ubuntu/images/hvm-ssd/ubuntu-focal-20.04-amd64-server-20231208",
            "image_owner_alias": "amazon",
            "image_type": "machine",
            "imds_support": "",
            "include_deprecated": false,
            "kernel_id": "",
            "most_recent": true,
            "name": "ubuntu/images/hvm-ssd/ubuntu-focal-20.04-amd64-server-20231208",
            "name_regex": null,
            "owner_id": "099720109477",
            "owners": [
              "099720109477"
            ],
            "platform": "",
            "platform_details": "Linux/UNIX",
            "product_codes": [],
            "public": true,
            "ramdisk_id": "",
            "root_device_name": "/dev/sda1",
            "root_device_type": "ebs",
            "root_snapshot_id": "snap-0a5f4f04d020b4bfb",
            "sriov_net_support": "simple",
            "state": "available",
            "state_reason": {
              "code": "UNSET",
              "message": "UNSET"
            },
            "tags": {},
            "timeouts": null,
            "tpm_support": "",
            "usage_operation": "RunInstances",
            "virtualization_type": "hvm"
          },
          "sensitive_attributes": []
        }
      ]
    },
    {
      "mode": "data",
      "type": "aws_availability_zones",
      "name": "available",
      "provider": "provider[\"registry.terraform.io/hashicorp/aws\"]",
      "instances": [
        {
          "schema_version": 0,
          "attributes": {
            "all_availability_zones": null,
            "exclude_names": null,
            "exclude_zone_ids": null,
            "filter": null,
            "group_names": [
              "us-east-1"
            ],
            "id": "us-east-1",
            "names": [
              "us-east-1a",
              "us-east-1b",
              "us-east-1c",
              "us-east-1d",
              "us-east-1e",
              "us-east-1f"
            ],
            "state": null,
            "timeouts": null,
            "zone_ids": [
              "use1-az4",
              "use1-az6",
              "use1-az1",
              "use1-az2",
              "use1-az3",
              "use1-az5"
            ]
          },
          "sensitive_attributes": []
        }
      ]
    },
    {
      "mode": "data",
      "type": "aws_region",
      "name": "current",
      "provider": "provider[\"registry.terraform.io/hashicorp/aws\"]",
      "instances": [
        {
          "schema_version": 0,
          "attributes": {
            "description": "US East (N. Virginia)",
            "endpoint": "ec2.us-east-1.amazonaws.com",
            "id": "us-east-1",
            "name": "us-east-1"
          },
          "sensitive_attributes": []
        }
      ]
    },
    {
      "mode": "managed",
      "type": "aws_eip",
      "name": "nat_gateway_eip",
      "provider": "provider[\"registry.terraform.io/hashicorp/aws\"]",
      "instances": [
        {
          "schema_version": 0,
          "attributes": {
            "address": null,
            "allocation_id": "eipalloc-07beaedd15b9dbf44",
            "associate_with_private_ip": null,
            "association_id": "",
            "carrier_ip": "",
            "customer_owned_ip": "",
            "customer_owned_ipv4_pool": "",
            "domain": "vpc",
            "id": "eipalloc-07beaedd15b9dbf44",
            "instance": "",
            "network_border_group": "us-east-1",
            "network_interface": "",
            "private_dns": null,
            "private_ip": "",
            "public_dns": "ec2-34-233-12-164.compute-1.amazonaws.com",
            "public_ip": "34.233.12.164",
            "public_ipv4_pool": "amazon",
            "tags": {
              "Name": "475916_infra_igw_eip"
            },
            "tags_all": {
              "Name": "475916_infra_igw_eip"
            },
            "timeouts": null,
            "vpc": true
          },
          "sensitive_attributes": [],
          "private": "eyJlMmJmYjczMC1lY2FhLTExZTYtOGY4OC0zNDM2M2JjN2M0YzAiOnsiZGVsZXRlIjoxODAwMDAwMDAwMDAsInJlYWQiOjkwMDAwMDAwMDAwMCwidXBkYXRlIjozMDAwMDAwMDAwMDB9fQ==",
          "dependencies": [
            "aws_internet_gateway.internet_gateway",
            "aws_vpc.vpc"
          ]
        }
      ]
    },
    {
      "mode": "managed",
      "type": "aws_instance",
      "name": "ubuntu_server",
      "provider": "provider[\"registry.terraform.io/hashicorp/aws\"]",
      "instances": [
        {
          "status": "tainted",
          "schema_version": 1,
          "attributes": {
            "ami": "ami-027a754129abb5386",
            "arn": "arn:aws:ec2:us-east-1:785131266845:instance/i-0189b1153744d5781",
            "associate_public_ip_address": true,
            "availability_zone": "us-east-1b",
            "capacity_reservation_specification": [
              {
                "capacity_reservation_preference": "open",
                "capacity_reservation_target": []
              }
            ],
            "cpu_core_count": 1,
            "cpu_threads_per_core": 1,
            "credit_specification": [
              {
                "cpu_credits": "standard"
              }
            ],
            "disable_api_stop": false,
            "disable_api_termination": false,
            "ebs_block_device": [],
            "ebs_optimized": false,
            "enclave_options": [
              {
                "enabled": false
              }
            ],
            "ephemeral_block_device": [],
            "get_password_data": false,
            "hibernation": false,
            "host_id": "",
            "host_resource_group_arn": null,
            "iam_instance_profile": "",
            "id": "i-0189b1153744d5781",
            "instance_initiated_shutdown_behavior": "stop",
            "instance_state": "running",
            "instance_type": "t2.micro",
            "ipv6_address_count": 0,
            "ipv6_addresses": [],
            "key_name": "475916_ec2_key",
            "launch_template": [],
            "maintenance_options": [
              {
                "auto_recovery": "default"
              }
            ],
            "metadata_options": [
              {
                "http_endpoint": "enabled",
                "http_put_response_hop_limit": 1,
                "http_tokens": "optional",
                "instance_metadata_tags": "disabled"
              }
            ],
            "monitoring": false,
            "network_interface": [],
            "outpost_arn": "",
            "password_data": "",
            "placement_group": "",
            "placement_partition_number": 0,
            "primary_network_interface_id": "eni-03f076cfab6453740",
            "private_dns": "ip-10-0-101-160.ec2.internal",
            "private_dns_name_options": [
              {
                "enable_resource_name_dns_a_record": false,
                "enable_resource_name_dns_aaaa_record": false,
                "hostname_type": "ip-name"
              }
            ],
            "private_ip": "10.0.101.160",
            "public_dns": "ec2-54-161-41-237.compute-1.amazonaws.com",
            "public_ip": "54.161.41.237",
            "root_block_device": [
              {
                "delete_on_termination": true,
                "device_name": "/dev/sda1",
                "encrypted": false,
                "iops": 100,
                "kms_key_id": "",
                "tags": {},
                "throughput": 0,
                "volume_id": "vol-0be014a15f458a52e",
                "volume_size": 8,
                "volume_type": "gp2"
              }
            ],
            "secondary_private_ips": [],
            "security_groups": [
              "sg-088b1e5537a16092e",
              "sg-0ab793f99149941fa",
              "sg-0c387451c06fbea77"
            ],
            "source_dest_check": true,
            "subnet_id": "subnet-0cd72f671fe9fb804",
            "tags": {
              "Name": "2048_app_475916"
            },
            "tags_all": {
              "Name": "2048_app_475916"
            },
            "tenancy": "default",
            "timeouts": null,
            "user_data": null,
            "user_data_base64": null,
            "user_data_replace_on_change": false,
            "volume_tags": null,
            "vpc_security_group_ids": [
              "sg-088b1e5537a16092e",
              "sg-0ab793f99149941fa",
              "sg-0c387451c06fbea77"
            ]
          },
          "sensitive_attributes": [],
          "private": "eyJlMmJmYjczMC1lY2FhLTExZTYtOGY4OC0zNDM2M2JjN2M0YzAiOnsiY3JlYXRlIjo2MDAwMDAwMDAwMDAsImRlbGV0ZSI6MTIwMDAwMDAwMDAwMCwidXBkYXRlIjo2MDAwMDAwMDAwMDB9LCJzY2hlbWFfdmVyc2lvbiI6IjEifQ==",
          "dependencies": [
            "aws_key_pair.generated",
            "aws_security_group.ingress-ssh",
            "aws_security_group.vpc-ping",
            "aws_security_group.vpc-web",
            "aws_subnet.public_subnets",
            "aws_vpc.vpc",
            "data.aws_ami.ubuntu",
            "data.aws_availability_zones.available",
            "local_file.private_key_pem",
            "tls_private_key.generated"
          ]
        }
      ]
    },
    {
      "mode": "managed",
      "type": "aws_internet_gateway",
      "name": "internet_gateway",
      "provider": "provider[\"registry.terraform.io/hashicorp/aws\"]",
      "instances": [
        {
          "schema_version": 0,
          "attributes": {
            "arn": "arn:aws:ec2:us-east-1:785131266845:internet-gateway/igw-08e50b08b54edd24f",
            "id": "igw-08e50b08b54edd24f",
            "owner_id": "785131266845",
            "tags": {
              "Name": "475916_infra_igw"
            },
            "tags_all": {
              "Name": "475916_infra_igw"
            },
            "timeouts": null,
            "vpc_id": "vpc-047cdd0f234596d00"
          },
          "sensitive_attributes": [],
          "private": "eyJlMmJmYjczMC1lY2FhLTExZTYtOGY4OC0zNDM2M2JjN2M0YzAiOnsiY3JlYXRlIjoxMjAwMDAwMDAwMDAwLCJkZWxldGUiOjEyMDAwMDAwMDAwMDAsInVwZGF0ZSI6MTIwMDAwMDAwMDAwMH19",
          "dependencies": [
            "aws_vpc.vpc"
          ]
        }
      ]
    },
    {
      "mode": "managed",
      "type": "aws_key_pair",
      "name": "generated",
      "provider": "provider[\"registry.terraform.io/hashicorp/aws\"]",
      "instances": [
        {
          "schema_version": 1,
          "attributes": {
            "arn": "arn:aws:ec2:us-east-1:785131266845:key-pair/475916_ec2_key",
            "fingerprint": "d4:7a:14:35:1c:b1:c1:f9:80:fb:ea:fb:24:03:01:c9",
            "id": "475916_ec2_key",
            "key_name": "475916_ec2_key",
            "key_name_prefix": "",
            "key_pair_id": "key-0d3374f0306b82b33",
            "key_type": "rsa",
            "public_key": "ssh-rsa AAAAB3NzaC1yc2EAAAADAQABAAABAQDVPmDmfhMmmcXaI7S9ZbXqAT65hgYOShzWdwa/I1ePmSF0Sr1eqZpFSEiTV0zaUNN56IBpDurbk9yMIXbPMDwZoRs+l5jHBrnxAxJj7VRzwin/3oL+QyCXJxr/jgEswZT0s2+QQLgBNc58pRJ0ddntrKC6g/kAk4LCZ4tkKeuOJvooeUIyffFxyQ0lFPIZJyGWmw9dKrhnil4raMERFdtcHO8FAKM/bzxYQ2GNcWjnVd1wZgf5uOP7lBfZfxWrLbsyVkgib99kwQVFHkpz/SM8RuvslmiChsWm8qbkpYfuvLrWqfGwmIP3ZercRP4WEbr1Bwlg2YX65KVEiWnSgz5B",
            "tags": null,
            "tags_all": {}
          },
          "sensitive_attributes": [],
          "private": "eyJzY2hlbWFfdmVyc2lvbiI6IjEifQ==",
          "dependencies": [
            "tls_private_key.generated"
          ]
        }
      ]
    },
    {
      "mode": "managed",
      "type": "aws_nat_gateway",
      "name": "nat_gateway",
      "provider": "provider[\"registry.terraform.io/hashicorp/aws\"]",
      "instances": [
        {
          "schema_version": 0,
          "attributes": {
            "allocation_id": "eipalloc-07beaedd15b9dbf44",
            "association_id": "eipassoc-03e9860dc71262652",
            "connectivity_type": "public",
            "id": "nat-0a2640ac2cf4ebe47",
            "network_interface_id": "eni-0a848e8c3c0009810",
            "private_ip": "10.0.101.122",
            "public_ip": "34.233.12.164",
            "subnet_id": "subnet-0cd72f671fe9fb804",
            "tags": {
              "Name": "475916_infra_nat_gateway"
            },
            "tags_all": {
              "Name": "475916_infra_nat_gateway"
            }
          },
          "sensitive_attributes": [],
          "private": "bnVsbA==",
          "dependencies": [
            "aws_eip.nat_gateway_eip",
            "aws_internet_gateway.internet_gateway",
            "aws_subnet.public_subnets",
            "aws_vpc.vpc",
            "data.aws_availability_zones.available"
          ]
        }
      ]
    },
    {
      "mode": "managed",
      "type": "aws_route_table",
      "name": "private_route_table",
      "provider": "provider[\"registry.terraform.io/hashicorp/aws\"]",
      "instances": [
        {
          "schema_version": 0,
          "attributes": {
            "arn": "arn:aws:ec2:us-east-1:785131266845:route-table/rtb-0c8e0898f0e947217",
            "id": "rtb-0c8e0898f0e947217",
            "owner_id": "785131266845",
            "propagating_vgws": [],
            "route": [
              {
                "carrier_gateway_id": "",
                "cidr_block": "0.0.0.0/0",
                "core_network_arn": "",
                "destination_prefix_list_id": "",
                "egress_only_gateway_id": "",
                "gateway_id": "",
                "instance_id": "",
                "ipv6_cidr_block": "",
                "local_gateway_id": "",
                "nat_gateway_id": "nat-0a2640ac2cf4ebe47",
                "network_interface_id": "",
                "transit_gateway_id": "",
                "vpc_endpoint_id": "",
                "vpc_peering_connection_id": ""
              }
            ],
            "tags": {
              "Name": "475916_infra_private_rtb",
              "Terraform": "true"
            },
            "tags_all": {
              "Name": "475916_infra_private_rtb",
              "Terraform": "true"
            },
            "timeouts": null,
            "vpc_id": "vpc-047cdd0f234596d00"
          },
          "sensitive_attributes": [],
          "private": "eyJlMmJmYjczMC1lY2FhLTExZTYtOGY4OC0zNDM2M2JjN2M0YzAiOnsiY3JlYXRlIjozMDAwMDAwMDAwMDAsImRlbGV0ZSI6MzAwMDAwMDAwMDAwLCJ1cGRhdGUiOjEyMDAwMDAwMDAwMH19",
          "dependencies": [
            "aws_eip.nat_gateway_eip",
            "aws_internet_gateway.internet_gateway",
            "aws_nat_gateway.nat_gateway",
            "aws_subnet.public_subnets",
            "aws_vpc.vpc",
            "data.aws_availability_zones.available"
          ]
        }
      ]
    },
    {
      "mode": "managed",
      "type": "aws_route_table",
      "name": "public_route_table",
      "provider": "provider[\"registry.terraform.io/hashicorp/aws\"]",
      "instances": [
        {
          "schema_version": 0,
          "attributes": {
            "arn": "arn:aws:ec2:us-east-1:785131266845:route-table/rtb-0886a1fd232e65fb0",
            "id": "rtb-0886a1fd232e65fb0",
            "owner_id": "785131266845",
            "propagating_vgws": [],
            "route": [
              {
                "carrier_gateway_id": "",
                "cidr_block": "0.0.0.0/0",
                "core_network_arn": "",
                "destination_prefix_list_id": "",
                "egress_only_gateway_id": "",
                "gateway_id": "igw-08e50b08b54edd24f",
                "instance_id": "",
                "ipv6_cidr_block": "",
                "local_gateway_id": "",
                "nat_gateway_id": "",
                "network_interface_id": "",
                "transit_gateway_id": "",
                "vpc_endpoint_id": "",
                "vpc_peering_connection_id": ""
              }
            ],
            "tags": {
              "Name": "475916_infra_public_rtb",
              "Terraform": "true"
            },
            "tags_all": {
              "Name": "475916_infra_public_rtb",
              "Terraform": "true"
            },
            "timeouts": null,
            "vpc_id": "vpc-047cdd0f234596d00"
          },
          "sensitive_attributes": [],
          "private": "eyJlMmJmYjczMC1lY2FhLTExZTYtOGY4OC0zNDM2M2JjN2M0YzAiOnsiY3JlYXRlIjozMDAwMDAwMDAwMDAsImRlbGV0ZSI6MzAwMDAwMDAwMDAwLCJ1cGRhdGUiOjEyMDAwMDAwMDAwMH19",
          "dependencies": [
            "aws_internet_gateway.internet_gateway",
            "aws_vpc.vpc"
          ]
        }
      ]
    },
    {
      "mode": "managed",
      "type": "aws_route_table_association",
      "name": "private",
      "provider": "provider[\"registry.terraform.io/hashicorp/aws\"]",
      "instances": [
        {
          "index_key": "private_subnet_1",
          "schema_version": 0,
          "attributes": {
            "gateway_id": "",
            "id": "rtbassoc-0553a57bf1ac9a3e1",
            "route_table_id": "rtb-0c8e0898f0e947217",
            "subnet_id": "subnet-0efad3839842d09c9",
            "timeouts": null
          },
          "sensitive_attributes": [],
          "private": "eyJlMmJmYjczMC1lY2FhLTExZTYtOGY4OC0zNDM2M2JjN2M0YzAiOnsiY3JlYXRlIjozMDAwMDAwMDAwMDAsImRlbGV0ZSI6MzAwMDAwMDAwMDAwLCJ1cGRhdGUiOjEyMDAwMDAwMDAwMH19",
          "dependencies": [
            "aws_eip.nat_gateway_eip",
            "aws_internet_gateway.internet_gateway",
            "aws_nat_gateway.nat_gateway",
            "aws_route_table.private_route_table",
            "aws_subnet.private_subnets",
            "aws_subnet.public_subnets",
            "aws_vpc.vpc",
            "data.aws_availability_zones.available"
          ]
        }
      ]
    },
    {
      "mode": "managed",
      "type": "aws_route_table_association",
      "name": "public",
      "provider": "provider[\"registry.terraform.io/hashicorp/aws\"]",
      "instances": [
        {
          "index_key": "public_subnet_1",
          "schema_version": 0,
          "attributes": {
            "gateway_id": "",
            "id": "rtbassoc-0614cead4390a2897",
            "route_table_id": "rtb-0886a1fd232e65fb0",
            "subnet_id": "subnet-0cd72f671fe9fb804",
            "timeouts": null
          },
          "sensitive_attributes": [],
          "private": "eyJlMmJmYjczMC1lY2FhLTExZTYtOGY4OC0zNDM2M2JjN2M0YzAiOnsiY3JlYXRlIjozMDAwMDAwMDAwMDAsImRlbGV0ZSI6MzAwMDAwMDAwMDAwLCJ1cGRhdGUiOjEyMDAwMDAwMDAwMH19",
          "dependencies": [
            "aws_internet_gateway.internet_gateway",
            "aws_route_table.public_route_table",
            "aws_subnet.public_subnets",
            "aws_vpc.vpc",
            "data.aws_availability_zones.available"
          ]
        }
      ]
    },
    {
      "mode": "managed",
      "type": "aws_security_group",
      "name": "ingress-ssh",
      "provider": "provider[\"registry.terraform.io/hashicorp/aws\"]",
      "instances": [
        {
          "schema_version": 1,
          "attributes": {
            "arn": "arn:aws:ec2:us-east-1:785131266845:security-group/sg-0ab793f99149941fa",
            "description": "Managed by Terraform",
            "egress": [
              {
                "cidr_blocks": [
                  "0.0.0.0/0"
                ],
                "description": "",
                "from_port": 0,
                "ipv6_cidr_blocks": [],
                "prefix_list_ids": [],
                "protocol": "-1",
                "security_groups": [],
                "self": false,
                "to_port": 0
              }
            ],
            "id": "sg-0ab793f99149941fa",
            "ingress": [
              {
                "cidr_blocks": [
                  "0.0.0.0/0"
                ],
                "description": "",
                "from_port": 22,
                "ipv6_cidr_blocks": [],
                "prefix_list_ids": [],
                "protocol": "tcp",
                "security_groups": [],
                "self": false,
                "to_port": 22
              }
            ],
            "name": "allow-all-ssh",
            "name_prefix": "",
            "owner_id": "785131266845",
            "revoke_rules_on_delete": false,
            "tags": null,
            "tags_all": {},
            "timeouts": null,
            "vpc_id": "vpc-047cdd0f234596d00"
          },
          "sensitive_attributes": [],
          "private": "eyJlMmJmYjczMC1lY2FhLTExZTYtOGY4OC0zNDM2M2JjN2M0YzAiOnsiY3JlYXRlIjo2MDAwMDAwMDAwMDAsImRlbGV0ZSI6OTAwMDAwMDAwMDAwfSwic2NoZW1hX3ZlcnNpb24iOiIxIn0=",
          "dependencies": [
            "aws_vpc.vpc"
          ]
        }
      ]
    },
    {
      "mode": "managed",
      "type": "aws_security_group",
      "name": "vpc-ping",
      "provider": "provider[\"registry.terraform.io/hashicorp/aws\"]",
      "instances": [
        {
          "schema_version": 1,
          "attributes": {
            "arn": "arn:aws:ec2:us-east-1:785131266845:security-group/sg-0c387451c06fbea77",
            "description": "ICMP for Ping Access",
            "egress": [
              {
                "cidr_blocks": [
                  "0.0.0.0/0"
                ],
                "description": "Allow all ip and ports outboun",
                "from_port": 0,
                "ipv6_cidr_blocks": [],
                "prefix_list_ids": [],
                "protocol": "-1",
                "security_groups": [],
                "self": false,
                "to_port": 0
              }
            ],
            "id": "sg-0c387451c06fbea77",
            "ingress": [
              {
                "cidr_blocks": [
                  "0.0.0.0/0"
                ],
                "description": "Allow ICMP Traffic",
                "from_port": -1,
                "ipv6_cidr_blocks": [],
                "prefix_list_ids": [],
                "protocol": "icmp",
                "security_groups": [],
                "self": false,
                "to_port": -1
              }
            ],
            "name": "vpc-ping",
            "name_prefix": "",
            "owner_id": "785131266845",
            "revoke_rules_on_delete": false,
            "tags": null,
            "tags_all": {},
            "timeouts": null,
            "vpc_id": "vpc-047cdd0f234596d00"
          },
          "sensitive_attributes": [],
          "private": "eyJlMmJmYjczMC1lY2FhLTExZTYtOGY4OC0zNDM2M2JjN2M0YzAiOnsiY3JlYXRlIjo2MDAwMDAwMDAwMDAsImRlbGV0ZSI6OTAwMDAwMDAwMDAwfSwic2NoZW1hX3ZlcnNpb24iOiIxIn0=",
          "dependencies": [
            "aws_vpc.vpc"
          ]
        }
      ]
    },
    {
      "mode": "managed",
      "type": "aws_security_group",
      "name": "vpc-web",
      "provider": "provider[\"registry.terraform.io/hashicorp/aws\"]",
      "instances": [
        {
          "schema_version": 1,
          "attributes": {
            "arn": "arn:aws:ec2:us-east-1:785131266845:security-group/sg-088b1e5537a16092e",
            "description": "Web Traffic",
            "egress": [
              {
                "cidr_blocks": [
                  "0.0.0.0/0"
                ],
                "description": "Allow all ip and ports outbound",
                "from_port": 0,
                "ipv6_cidr_blocks": [],
                "prefix_list_ids": [],
                "protocol": "-1",
                "security_groups": [],
                "self": false,
                "to_port": 0
              }
            ],
            "id": "sg-088b1e5537a16092e",
            "ingress": [
              {
                "cidr_blocks": [
                  "0.0.0.0/0"
                ],
                "description": "Allow Port 443",
                "from_port": 443,
                "ipv6_cidr_blocks": [],
                "prefix_list_ids": [],
                "protocol": "tcp",
                "security_groups": [],
                "self": false,
                "to_port": 443
              },
              {
                "cidr_blocks": [
                  "0.0.0.0/0"
                ],
                "description": "Allow Port 80",
                "from_port": 80,
                "ipv6_cidr_blocks": [],
                "prefix_list_ids": [],
                "protocol": "tcp",
                "security_groups": [],
                "self": false,
                "to_port": 80
              }
            ],
            "name": "vpc-web-default",
            "name_prefix": "",
            "owner_id": "785131266845",
            "revoke_rules_on_delete": false,
            "tags": null,
            "tags_all": {},
            "timeouts": null,
            "vpc_id": "vpc-047cdd0f234596d00"
          },
          "sensitive_attributes": [],
          "private": "eyJlMmJmYjczMC1lY2FhLTExZTYtOGY4OC0zNDM2M2JjN2M0YzAiOnsiY3JlYXRlIjo2MDAwMDAwMDAwMDAsImRlbGV0ZSI6OTAwMDAwMDAwMDAwfSwic2NoZW1hX3ZlcnNpb24iOiIxIn0=",
          "dependencies": [
            "aws_vpc.vpc"
          ]
        }
      ]
    },
    {
      "mode": "managed",
      "type": "aws_subnet",
      "name": "private_subnets",
      "provider": "provider[\"registry.terraform.io/hashicorp/aws\"]",
      "instances": [
        {
          "index_key": "private_subnet_1",
          "schema_version": 1,
          "attributes": {
            "arn": "arn:aws:ec2:us-east-1:785131266845:subnet/subnet-0efad3839842d09c9",
            "assign_ipv6_address_on_creation": false,
            "availability_zone": "us-east-1b",
            "availability_zone_id": "use1-az6",
            "cidr_block": "10.0.1.0/24",
            "customer_owned_ipv4_pool": "",
            "enable_dns64": false,
            "enable_lni_at_device_index": 0,
            "enable_resource_name_dns_a_record_on_launch": false,
            "enable_resource_name_dns_aaaa_record_on_launch": false,
            "id": "subnet-0efad3839842d09c9",
            "ipv6_cidr_block": "",
            "ipv6_cidr_block_association_id": "",
            "ipv6_native": false,
            "map_customer_owned_ip_on_launch": false,
            "map_public_ip_on_launch": false,
            "outpost_arn": "",
            "owner_id": "785131266845",
            "private_dns_hostname_type_on_launch": "ip-name",
            "tags": {
              "Name": "private_subnet_1",
              "Terraform": "true"
            },
            "tags_all": {
              "Name": "private_subnet_1",
              "Terraform": "true"
            },
            "timeouts": null,
            "vpc_id": "vpc-047cdd0f234596d00"
          },
          "sensitive_attributes": [],
          "private": "eyJlMmJmYjczMC1lY2FhLTExZTYtOGY4OC0zNDM2M2JjN2M0YzAiOnsiY3JlYXRlIjo2MDAwMDAwMDAwMDAsImRlbGV0ZSI6MTIwMDAwMDAwMDAwMH0sInNjaGVtYV92ZXJzaW9uIjoiMSJ9",
          "dependencies": [
            "aws_vpc.vpc",
            "data.aws_availability_zones.available"
          ]
        }
      ]
    },
    {
      "mode": "managed",
      "type": "aws_subnet",
      "name": "public_subnets",
      "provider": "provider[\"registry.terraform.io/hashicorp/aws\"]",
      "instances": [
        {
          "index_key": "public_subnet_1",
          "schema_version": 1,
          "attributes": {
            "arn": "arn:aws:ec2:us-east-1:785131266845:subnet/subnet-0cd72f671fe9fb804",
            "assign_ipv6_address_on_creation": false,
            "availability_zone": "us-east-1b",
            "availability_zone_id": "use1-az6",
            "cidr_block": "10.0.101.0/24",
            "customer_owned_ipv4_pool": "",
            "enable_dns64": false,
            "enable_lni_at_device_index": 0,
            "enable_resource_name_dns_a_record_on_launch": false,
            "enable_resource_name_dns_aaaa_record_on_launch": false,
            "id": "subnet-0cd72f671fe9fb804",
            "ipv6_cidr_block": "",
            "ipv6_cidr_block_association_id": "",
            "ipv6_native": false,
            "map_customer_owned_ip_on_launch": false,
            "map_public_ip_on_launch": true,
            "outpost_arn": "",
            "owner_id": "785131266845",
            "private_dns_hostname_type_on_launch": "ip-name",
            "tags": {
              "Name": "public_subnet_1",
              "Terraform": "true"
            },
            "tags_all": {
              "Name": "public_subnet_1",
              "Terraform": "true"
            },
            "timeouts": null,
            "vpc_id": "vpc-047cdd0f234596d00"
          },
          "sensitive_attributes": [],
          "private": "eyJlMmJmYjczMC1lY2FhLTExZTYtOGY4OC0zNDM2M2JjN2M0YzAiOnsiY3JlYXRlIjo2MDAwMDAwMDAwMDAsImRlbGV0ZSI6MTIwMDAwMDAwMDAwMH0sInNjaGVtYV92ZXJzaW9uIjoiMSJ9",
          "dependencies": [
            "aws_vpc.vpc",
            "data.aws_availability_zones.available"
          ]
        }
      ]
    },
    {
      "mode": "managed",
      "type": "aws_vpc",
      "name": "vpc",
      "provider": "provider[\"registry.terraform.io/hashicorp/aws\"]",
      "instances": [
        {
          "schema_version": 1,
          "attributes": {
            "arn": "arn:aws:ec2:us-east-1:785131266845:vpc/vpc-047cdd0f234596d00",
            "assign_generated_ipv6_cidr_block": false,
            "cidr_block": "10.0.0.0/16",
            "default_network_acl_id": "acl-0e19b3b91faa2410b",
            "default_route_table_id": "rtb-09dd8ca396c8c0d82",
            "default_security_group_id": "sg-0018f6c4fa23ad3be",
            "dhcp_options_id": "dopt-12b60e68",
            "enable_classiclink": false,
            "enable_classiclink_dns_support": false,
            "enable_dns_hostnames": true,
            "enable_dns_support": true,
            "enable_network_address_usage_metrics": false,
            "id": "vpc-047cdd0f234596d00",
            "instance_tenancy": "default",
            "ipv4_ipam_pool_id": null,
            "ipv4_netmask_length": null,
            "ipv6_association_id": "",
            "ipv6_cidr_block": "",
            "ipv6_cidr_block_network_border_group": "",
            "ipv6_ipam_pool_id": "",
            "ipv6_netmask_length": 0,
            "main_route_table_id": "rtb-09dd8ca396c8c0d82",
            "owner_id": "785131266845",
            "tags": {
              "Environment": "475916_infra_environment",
              "Name": "vpc_475916_A",
              "Terraform": "true"
            },
            "tags_all": {
              "Environment": "475916_infra_environment",
              "Name": "vpc_475916_A",
              "Terraform": "true"
            }
          },
          "sensitive_attributes": [],
          "private": "eyJzY2hlbWFfdmVyc2lvbiI6IjEifQ=="
        }
      ]
    },
    {
      "mode": "managed",
      "type": "local_file",
      "name": "private_key_pem",
      "provider": "provider[\"registry.terraform.io/hashicorp/local\"]",
      "instances": [
        {
          "schema_version": 0,
          "attributes": {
            "content": "-----BEGIN RSA PRIVATE KEY-----\nMIIEogIBAAKCAQEA1T5g5n4TJpnF2iO0vWW16gE+uYYGDkoc1ncGvyNXj5khdEq9\nXqmaRUhIk1dM2lDTeeiAaQ7q25PcjCF2zzA8GaEbPpeYxwa58QMSY+1Uc8Ip/96C\n/kMglyca/44BLMGU9LNvkEC4ATXOfKUSdHXZ7ayguoP5AJOCwmeLZCnrjib6KHlC\nMn3xcckNJRTyGSchlpsPXSq4Z4peK2jBERXbXBzvBQCjP288WENhjXFo51XdcGYH\n+bjj+5QX2X8Vqy27MlZIIm/fZMEFRR5Kc/0jPEbr7JZogobFpvKm5KWH7ry61qnx\nsJiD92Xq3ET+FhG69QcJYNmF+uSlRIlp0oM+QQIDAQABAoIBAEdWCsyQuI9dOdbz\nwu7pK6YQrI8bysLVADiusM8YX55mN87Tge49BqLOv5iqx8bw6w4JPYvntaGnIUyv\nlTNSi4h3YMnbpPxPv7xkrq5HIs1m0u4J3gB5LFnkdx+uva3fRJlnvZagT+33tg/0\nmOvk0Pa1nT9IDvCmaEPop7TmYSq4OutURPWf0nyUtFsFIyF6CQ/tItbYvx6IvMtj\ne8YbqPrT2ivCTTvT7KqTiwan2KP0b+ob9sOht82GbYRAPIn8Znqmdurzsq9jwMso\nwcf/RKq8trk8ShjPbhNSz/AHb9/adwmTNSo2FymICJzAdEkgTxVu+DEBkwWNgWpK\ni+tLmZECgYEA8I2S0cDHM49BMelpr0XqL1ZO5daGXgo6wvGB9jBbE2EJc71FkWZo\nkgEjkUOQMBSeTBMSZKzu5yBdTSy1x+NH1AYTKjOFJiHTdlxO8N6E6ODic0vCtOby\n5O3wcOOM5FN45yxk0Ch21DGevA3gIdRYRSz1O3uHQ+y6S63j6U1etecCgYEA4u/e\nituutPWMv+muXYLLmx68galxg1WzDZAeeg52UdSIhGR/Ih+iGZEVwMGaPGAKDbcN\nSYjBQpkw9uv1zmKsZsl3XRB38ik18586h/R1gt6HcALsOv93Nn2uPaGKmtV7JAAX\nR5TMPmto50n3vb0d7Ildc0jtIzE8cAKWHBQ2FZcCgYBFm3HkqDf8P3PKEZS3Vy/Q\nytTBxTXUeHlQd7n3lz6DeQzXJOnAjTWtKg80taw/fXfg45Pq9e+bic31yv4+/RGH\n1Mou6AGbayZZlZRyNrGXAZwFaOLKnhmjDQcKY44dc9oEauAxK8RW2pToLcuxflSc\nj8nWkIQvr4yo4YSVugGx+QKBgDLtJ2C76dncHMjYdPOxLWXTIPRsBPg3HCZYCC7V\n3gGBE126e7k5phPctif6ilUwLDFlucqdsNj0LcPLse6twAiU/39X+cLTMrNIMUdf\nOZuzumsNjNu0hpko3Rghj0wtyiOLDa5XmvoK+pCkzb67mOKC9QCxBd5W5zwvqGYG\ntxhjAoGARP9iUD83S2UpD4iuhXYYwda2BnoXpxhxfGEJRhZhq8g7pIR1vTUWNIT9\n8gtJP/PxoQ9oSW4CkInq140TZmeH20yYHW/gk9bVS7/eLA6zxX8ouFSTxTCzEKN6\n5vIy4y3It1vlHMl6YTgzE2dHGezrfL3QDy6RCrpVNzzH0lWwwu0=\n-----END RSA PRIVATE KEY-----\n",
            "content_base64": null,
            "directory_permission": "0777",
            "file_permission": "0777",
            "filename": "475916_ec2_key.pem",
            "id": "3ec3a4a542db7b274e22efe5b266fcc7cb8396d0",
            "sensitive_content": null,
            "source": null
          },
          "sensitive_attributes": [
            [
              {
                "type": "get_attr",
                "value": "content"
              }
            ]
          ],
          "private": "bnVsbA==",
          "dependencies": [
            "tls_private_key.generated"
          ]
        }
      ]
    },
    {
      "mode": "managed",
      "type": "random_string",
      "name": "random",
      "provider": "provider[\"registry.terraform.io/hashicorp/random\"]",
      "instances": [
        {
          "schema_version": 1,
          "attributes": {
            "id": "1tnDRiZbGJ",
            "keepers": null,
            "length": 10,
            "lower": true,
            "min_lower": 0,
            "min_numeric": 0,
            "min_special": 0,
            "min_upper": 0,
            "number": true,
            "override_special": null,
            "result": "1tnDRiZbGJ",
            "special": true,
            "upper": true
          },
          "sensitive_attributes": [],
          "private": "eyJzY2hlbWFfdmVyc2lvbiI6IjEifQ=="
        }
      ]
    },
    {
      "mode": "managed",
      "type": "tls_private_key",
      "name": "generated",
      "provider": "provider[\"registry.terraform.io/hashicorp/tls\"]",
      "instances": [
        {
          "schema_version": 1,
          "attributes": {
            "algorithm": "RSA",
            "ecdsa_curve": "P224",
            "id": "0f0bc236df01152197e6f62d272f2f278011fc07",
            "private_key_openssh": "-----BEGIN OPENSSH PRIVATE KEY-----\nb3BlbnNzaC1rZXktdjEAAAAABG5vbmUAAAAEbm9uZQAAAAAAAAABAAABFwAAAAdz\nc2gtcnNhAAAAAwEAAQAAAQEA1T5g5n4TJpnF2iO0vWW16gE+uYYGDkoc1ncGvyNX\nj5khdEq9XqmaRUhIk1dM2lDTeeiAaQ7q25PcjCF2zzA8GaEbPpeYxwa58QMSY+1U\nc8Ip/96C/kMglyca/44BLMGU9LNvkEC4ATXOfKUSdHXZ7ayguoP5AJOCwmeLZCnr\njib6KHlCMn3xcckNJRTyGSchlpsPXSq4Z4peK2jBERXbXBzvBQCjP288WENhjXFo\n51XdcGYH+bjj+5QX2X8Vqy27MlZIIm/fZMEFRR5Kc/0jPEbr7JZogobFpvKm5KWH\n7ry61qnxsJiD92Xq3ET+FhG69QcJYNmF+uSlRIlp0oM+QQAAA7iVWYaglVmGoAAA\nAAdzc2gtcnNhAAABAQDVPmDmfhMmmcXaI7S9ZbXqAT65hgYOShzWdwa/I1ePmSF0\nSr1eqZpFSEiTV0zaUNN56IBpDurbk9yMIXbPMDwZoRs+l5jHBrnxAxJj7VRzwin/\n3oL+QyCXJxr/jgEswZT0s2+QQLgBNc58pRJ0ddntrKC6g/kAk4LCZ4tkKeuOJvoo\neUIyffFxyQ0lFPIZJyGWmw9dKrhnil4raMERFdtcHO8FAKM/bzxYQ2GNcWjnVd1w\nZgf5uOP7lBfZfxWrLbsyVkgib99kwQVFHkpz/SM8RuvslmiChsWm8qbkpYfuvLrW\nqfGwmIP3ZercRP4WEbr1Bwlg2YX65KVEiWnSgz5BAAAAAwEAAQAAAQBHVgrMkLiP\nXTnW88Lu6SumEKyPG8rC1QA4rrDPGF+eZjfO04HuPQaizr+YqsfG8OsOCT2L57Wh\npyFMr5UzUouId2DJ26T8T7+8ZK6uRyLNZtLuCd4AeSxZ5Hcfrr2t30SZZ72WoE/t\n97YP9Jjr5ND2tZ0/SA7wpmhD6Ke05mEquDrrVET1n9J8lLRbBSMhegkP7SLW2L8e\niLzLY3vGG6j609orwk070+yqk4sGp9ij9G/qG/bDobfNhm2EQDyJ/GZ6pnbq87Kv\nY8DLKMHH/0SqvLa5PEoYz24TUs/wB2/f2ncJkzUqNhcpiAicwHRJIE8VbvgxAZMF\njYFqSovrS5mRAAAAgET/YlA/N0tlKQ+IroV2GMHWtgZ6F6cYcXxhCUYWYavIO6SE\ndb01FjSE/fILST/z8aEPaEluApCJ6teNE2Znh9tMmB1v4JPW1Uu/3iwOs8V/KLhU\nk8UwsxCjeubyMuMtyLdb5RzJemE4MxNnRxns63y90A8ukQq6VTc8x9JVsMLtAAAA\ngQDwjZLRwMczj0Ex6WmvReovVk7l1oZeCjrC8YH2MFsTYQlzvUWRZmiSASORQ5Aw\nFJ5MExJkrO7nIF1NLLXH40fUBhMqM4UmIdN2XE7w3oTo4OJzS8K05vLk7fBw44zk\nU3jnLGTQKHbUMZ68DeAh1FhFLPU7e4dD7LpLrePpTV615wAAAIEA4u/eituutPWM\nv+muXYLLmx68galxg1WzDZAeeg52UdSIhGR/Ih+iGZEVwMGaPGAKDbcNSYjBQpkw\n9uv1zmKsZsl3XRB38ik18586h/R1gt6HcALsOv93Nn2uPaGKmtV7JAAXR5TMPmto\n50n3vb0d7Ildc0jtIzE8cAKWHBQ2FZcAAAAAAQID\n-----END OPENSSH PRIVATE KEY-----\n",
            "private_key_pem": "-----BEGIN RSA PRIVATE KEY-----\nMIIEogIBAAKCAQEA1T5g5n4TJpnF2iO0vWW16gE+uYYGDkoc1ncGvyNXj5khdEq9\nXqmaRUhIk1dM2lDTeeiAaQ7q25PcjCF2zzA8GaEbPpeYxwa58QMSY+1Uc8Ip/96C\n/kMglyca/44BLMGU9LNvkEC4ATXOfKUSdHXZ7ayguoP5AJOCwmeLZCnrjib6KHlC\nMn3xcckNJRTyGSchlpsPXSq4Z4peK2jBERXbXBzvBQCjP288WENhjXFo51XdcGYH\n+bjj+5QX2X8Vqy27MlZIIm/fZMEFRR5Kc/0jPEbr7JZogobFpvKm5KWH7ry61qnx\nsJiD92Xq3ET+FhG69QcJYNmF+uSlRIlp0oM+QQIDAQABAoIBAEdWCsyQuI9dOdbz\nwu7pK6YQrI8bysLVADiusM8YX55mN87Tge49BqLOv5iqx8bw6w4JPYvntaGnIUyv\nlTNSi4h3YMnbpPxPv7xkrq5HIs1m0u4J3gB5LFnkdx+uva3fRJlnvZagT+33tg/0\nmOvk0Pa1nT9IDvCmaEPop7TmYSq4OutURPWf0nyUtFsFIyF6CQ/tItbYvx6IvMtj\ne8YbqPrT2ivCTTvT7KqTiwan2KP0b+ob9sOht82GbYRAPIn8Znqmdurzsq9jwMso\nwcf/RKq8trk8ShjPbhNSz/AHb9/adwmTNSo2FymICJzAdEkgTxVu+DEBkwWNgWpK\ni+tLmZECgYEA8I2S0cDHM49BMelpr0XqL1ZO5daGXgo6wvGB9jBbE2EJc71FkWZo\nkgEjkUOQMBSeTBMSZKzu5yBdTSy1x+NH1AYTKjOFJiHTdlxO8N6E6ODic0vCtOby\n5O3wcOOM5FN45yxk0Ch21DGevA3gIdRYRSz1O3uHQ+y6S63j6U1etecCgYEA4u/e\nituutPWMv+muXYLLmx68galxg1WzDZAeeg52UdSIhGR/Ih+iGZEVwMGaPGAKDbcN\nSYjBQpkw9uv1zmKsZsl3XRB38ik18586h/R1gt6HcALsOv93Nn2uPaGKmtV7JAAX\nR5TMPmto50n3vb0d7Ildc0jtIzE8cAKWHBQ2FZcCgYBFm3HkqDf8P3PKEZS3Vy/Q\nytTBxTXUeHlQd7n3lz6DeQzXJOnAjTWtKg80taw/fXfg45Pq9e+bic31yv4+/RGH\n1Mou6AGbayZZlZRyNrGXAZwFaOLKnhmjDQcKY44dc9oEauAxK8RW2pToLcuxflSc\nj8nWkIQvr4yo4YSVugGx+QKBgDLtJ2C76dncHMjYdPOxLWXTIPRsBPg3HCZYCC7V\n3gGBE126e7k5phPctif6ilUwLDFlucqdsNj0LcPLse6twAiU/39X+cLTMrNIMUdf\nOZuzumsNjNu0hpko3Rghj0wtyiOLDa5XmvoK+pCkzb67mOKC9QCxBd5W5zwvqGYG\ntxhjAoGARP9iUD83S2UpD4iuhXYYwda2BnoXpxhxfGEJRhZhq8g7pIR1vTUWNIT9\n8gtJP/PxoQ9oSW4CkInq140TZmeH20yYHW/gk9bVS7/eLA6zxX8ouFSTxTCzEKN6\n5vIy4y3It1vlHMl6YTgzE2dHGezrfL3QDy6RCrpVNzzH0lWwwu0=\n-----END RSA PRIVATE KEY-----\n",
            "private_key_pem_pkcs8": "-----BEGIN PRIVATE KEY-----\nMIIEvAIBADANBgkqhkiG9w0BAQEFAASCBKYwggSiAgEAAoIBAQDVPmDmfhMmmcXa\nI7S9ZbXqAT65hgYOShzWdwa/I1ePmSF0Sr1eqZpFSEiTV0zaUNN56IBpDurbk9yM\nIXbPMDwZoRs+l5jHBrnxAxJj7VRzwin/3oL+QyCXJxr/jgEswZT0s2+QQLgBNc58\npRJ0ddntrKC6g/kAk4LCZ4tkKeuOJvooeUIyffFxyQ0lFPIZJyGWmw9dKrhnil4r\naMERFdtcHO8FAKM/bzxYQ2GNcWjnVd1wZgf5uOP7lBfZfxWrLbsyVkgib99kwQVF\nHkpz/SM8RuvslmiChsWm8qbkpYfuvLrWqfGwmIP3ZercRP4WEbr1Bwlg2YX65KVE\niWnSgz5BAgMBAAECggEAR1YKzJC4j1051vPC7ukrphCsjxvKwtUAOK6wzxhfnmY3\nztOB7j0Gos6/mKrHxvDrDgk9i+e1oachTK+VM1KLiHdgyduk/E+/vGSurkcizWbS\n7gneAHksWeR3H669rd9EmWe9lqBP7fe2D/SY6+TQ9rWdP0gO8KZoQ+intOZhKrg6\n61RE9Z/SfJS0WwUjIXoJD+0i1ti/Hoi8y2N7xhuo+tPaK8JNO9PsqpOLBqfYo/Rv\n6hv2w6G3zYZthEA8ifxmeqZ26vOyr2PAyyjBx/9Eqry2uTxKGM9uE1LP8Adv39p3\nCZM1KjYXKYgInMB0SSBPFW74MQGTBY2BakqL60uZkQKBgQDwjZLRwMczj0Ex6Wmv\nReovVk7l1oZeCjrC8YH2MFsTYQlzvUWRZmiSASORQ5AwFJ5MExJkrO7nIF1NLLXH\n40fUBhMqM4UmIdN2XE7w3oTo4OJzS8K05vLk7fBw44zkU3jnLGTQKHbUMZ68DeAh\n1FhFLPU7e4dD7LpLrePpTV615wKBgQDi796K26609Yy/6a5dgsubHryBqXGDVbMN\nkB56DnZR1IiEZH8iH6IZkRXAwZo8YAoNtw1JiMFCmTD26/XOYqxmyXddEHfyKTXz\nnzqH9HWC3odwAuw6/3c2fa49oYqa1XskABdHlMw+a2jnSfe9vR3siV1zSO0jMTxw\nApYcFDYVlwKBgEWbceSoN/w/c8oRlLdXL9DK1MHFNdR4eVB3ufeXPoN5DNck6cCN\nNa0qDzS1rD99d+Djk+r175uJzfXK/j79EYfUyi7oAZtrJlmVlHI2sZcBnAVo4sqe\nGaMNBwpjjh1z2gRq4DErxFbalOgty7F+VJyPydaQhC+vjKjhhJW6AbH5AoGAMu0n\nYLvp2dwcyNh087EtZdMg9GwE+DccJlgILtXeAYETXbp7uTmmE9y2J/qKVTAsMWW5\nyp2w2PQtw8ux7q3ACJT/f1f5wtMys0gxR185m7O6aw2M27SGmSjdGCGPTC3KI4sN\nrlea+gr6kKTNvruY4oL1ALEF3lbnPC+oZga3GGMCgYBE/2JQPzdLZSkPiK6FdhjB\n1rYGehenGHF8YQlGFmGryDukhHW9NRY0hP3yC0k/8/GhD2hJbgKQierXjRNmZ4fb\nTJgdb+CT1tVLv94sDrPFfyi4VJPFMLMQo3rm8jLjLci3W+UcyXphODMTZ0cZ7Ot8\nvdAPLpEKulU3PMfSVbDC7Q==\n-----END PRIVATE KEY-----\n",
            "public_key_fingerprint_md5": "d1:86:27:cb:9b:88:f7:4a:8b:ea:15:e0:04:34:64:2a",
            "public_key_fingerprint_sha256": "SHA256:rP8SBZAkHUucE4eFnNIwxpbEtpgizbPA2cBXPtJNZRg",
            "public_key_openssh": "ssh-rsa AAAAB3NzaC1yc2EAAAADAQABAAABAQDVPmDmfhMmmcXaI7S9ZbXqAT65hgYOShzWdwa/I1ePmSF0Sr1eqZpFSEiTV0zaUNN56IBpDurbk9yMIXbPMDwZoRs+l5jHBrnxAxJj7VRzwin/3oL+QyCXJxr/jgEswZT0s2+QQLgBNc58pRJ0ddntrKC6g/kAk4LCZ4tkKeuOJvooeUIyffFxyQ0lFPIZJyGWmw9dKrhnil4raMERFdtcHO8FAKM/bzxYQ2GNcWjnVd1wZgf5uOP7lBfZfxWrLbsyVkgib99kwQVFHkpz/SM8RuvslmiChsWm8qbkpYfuvLrWqfGwmIP3ZercRP4WEbr1Bwlg2YX65KVEiWnSgz5B\n",
            "public_key_pem": "-----BEGIN PUBLIC KEY-----\nMIIBIjANBgkqhkiG9w0BAQEFAAOCAQ8AMIIBCgKCAQEA1T5g5n4TJpnF2iO0vWW1\n6gE+uYYGDkoc1ncGvyNXj5khdEq9XqmaRUhIk1dM2lDTeeiAaQ7q25PcjCF2zzA8\nGaEbPpeYxwa58QMSY+1Uc8Ip/96C/kMglyca/44BLMGU9LNvkEC4ATXOfKUSdHXZ\n7ayguoP5AJOCwmeLZCnrjib6KHlCMn3xcckNJRTyGSchlpsPXSq4Z4peK2jBERXb\nXBzvBQCjP288WENhjXFo51XdcGYH+bjj+5QX2X8Vqy27MlZIIm/fZMEFRR5Kc/0j\nPEbr7JZogobFpvKm5KWH7ry61qnxsJiD92Xq3ET+FhG69QcJYNmF+uSlRIlp0oM+\nQQIDAQAB\n-----END PUBLIC KEY-----\n",
            "rsa_bits": 2048
          },
          "sensitive_attributes": []
        }
      ]
    }
  ],
  "check_results": null
}
