{
  "version": 4,
  "terraform_version": "1.3.7",
  "serial": 560,
  "lineage": "e8f83830-80e8-b246-3a78-9cbc3511293a",
  "outputs": {
    "hello-world": {
      "value": "Hello World",
      "type": "string"
    },
    "public_dns": {
      "value": "ec2-54-80-59-211.compute-1.amazonaws.com",
      "type": "string"
    },
    "public_ip": {
      "value": "54.80.59.211",
      "type": "string"
    }
  },
  "resources": [
    {
      "mode": "data",
      "type": "aws_ami",
      "name": "ubuntu",
      "provider": "provider[\"registry.terraform.io/hashicorp/aws\"]",
      "instances": [
        {
          "schema_version": 0,
          "attributes": {
            "architecture": "x86_64",
            "arn": "arn:aws:ec2:us-east-1::image/ami-027a754129abb5386",
            "block_device_mappings": [
              {
                "device_name": "/dev/sda1",
                "ebs": {
                  "delete_on_termination": "true",
                  "encrypted": "false",
                  "iops": "0",
                  "snapshot_id": "snap-0a5f4f04d020b4bfb",
                  "throughput": "0",
                  "volume_size": "8",
                  "volume_type": "gp2"
                },
                "no_device": "",
                "virtual_name": ""
              },
              {
                "device_name": "/dev/sdb",
                "ebs": {},
                "no_device": "",
                "virtual_name": "ephemeral0"
              },
              {
                "device_name": "/dev/sdc",
                "ebs": {},
                "no_device": "",
                "virtual_name": "ephemeral1"
              }
            ],
            "boot_mode": "legacy-bios",
            "creation_date": "2023-12-08T23:22:13.000Z",
            "deprecation_time": "2025-12-08T23:22:13.000Z",
            "description": "Canonical, Ubuntu, 20.04 LTS, amd64 focal image build on 2023-12-08",
            "ena_support": true,
            "executable_users": null,
            "filter": [
              {
                "name": "name",
                "values": [
                  "ubuntu/images/hvm-ssd/ubuntu-focal-20.04-amd64-server-*"
                ]
              },
              {
                "name": "virtualization-type",
                "values": [
                  "hvm"
                ]
              }
            ],
            "hypervisor": "xen",
            "id": "ami-027a754129abb5386",
            "image_id": "ami-027a754129abb5386",
            "image_location": "amazon/ubuntu/images/hvm-ssd/ubuntu-focal-20.04-amd64-server-20231208",
            "image_owner_alias": "amazon",
            "image_type": "machine",
            "imds_support": "",
            "include_deprecated": false,
            "kernel_id": "",
            "most_recent": true,
            "name": "ubuntu/images/hvm-ssd/ubuntu-focal-20.04-amd64-server-20231208",
            "name_regex": null,
            "owner_id": "099720109477",
            "owners": [
              "099720109477"
            ],
            "platform": "",
            "platform_details": "Linux/UNIX",
            "product_codes": [],
            "public": true,
            "ramdisk_id": "",
            "root_device_name": "/dev/sda1",
            "root_device_type": "ebs",
            "root_snapshot_id": "snap-0a5f4f04d020b4bfb",
            "sriov_net_support": "simple",
            "state": "available",
            "state_reason": {
              "code": "UNSET",
              "message": "UNSET"
            },
            "tags": {},
            "timeouts": null,
            "tpm_support": "",
            "usage_operation": "RunInstances",
            "virtualization_type": "hvm"
          },
          "sensitive_attributes": []
        }
      ]
    },
    {
      "mode": "data",
      "type": "aws_availability_zones",
      "name": "available",
      "provider": "provider[\"registry.terraform.io/hashicorp/aws\"]",
      "instances": [
        {
          "schema_version": 0,
          "attributes": {
            "all_availability_zones": null,
            "exclude_names": null,
            "exclude_zone_ids": null,
            "filter": null,
            "group_names": [
              "us-east-1"
            ],
            "id": "us-east-1",
            "names": [
              "us-east-1a",
              "us-east-1b",
              "us-east-1c",
              "us-east-1d",
              "us-east-1e",
              "us-east-1f"
            ],
            "state": null,
            "timeouts": null,
            "zone_ids": [
              "use1-az4",
              "use1-az6",
              "use1-az1",
              "use1-az2",
              "use1-az3",
              "use1-az5"
            ]
          },
          "sensitive_attributes": []
        }
      ]
    },
    {
      "mode": "data",
      "type": "aws_region",
      "name": "current",
      "provider": "provider[\"registry.terraform.io/hashicorp/aws\"]",
      "instances": [
        {
          "schema_version": 0,
          "attributes": {
            "description": "US East (N. Virginia)",
            "endpoint": "ec2.us-east-1.amazonaws.com",
            "id": "us-east-1",
            "name": "us-east-1"
          },
          "sensitive_attributes": []
        }
      ]
    },
    {
      "mode": "managed",
      "type": "aws_eip",
      "name": "nat_gateway_eip",
      "provider": "provider[\"registry.terraform.io/hashicorp/aws\"]",
      "instances": [
        {
          "schema_version": 0,
          "attributes": {
            "address": null,
            "allocation_id": "eipalloc-08a9003a4851aef77",
            "associate_with_private_ip": null,
            "association_id": "",
            "carrier_ip": "",
            "customer_owned_ip": "",
            "customer_owned_ipv4_pool": "",
            "domain": "vpc",
            "id": "eipalloc-08a9003a4851aef77",
            "instance": "",
            "network_border_group": "us-east-1",
            "network_interface": "",
            "private_dns": null,
            "private_ip": "",
            "public_dns": "ec2-52-3-7-254.compute-1.amazonaws.com",
            "public_ip": "52.3.7.254",
            "public_ipv4_pool": "amazon",
            "tags": {
              "Name": "475916_infra_igw_eip"
            },
            "tags_all": {
              "Name": "475916_infra_igw_eip"
            },
            "timeouts": null,
            "vpc": true
          },
          "sensitive_attributes": [],
          "private": "eyJlMmJmYjczMC1lY2FhLTExZTYtOGY4OC0zNDM2M2JjN2M0YzAiOnsiZGVsZXRlIjoxODAwMDAwMDAwMDAsInJlYWQiOjkwMDAwMDAwMDAwMCwidXBkYXRlIjozMDAwMDAwMDAwMDB9fQ==",
          "dependencies": [
            "aws_internet_gateway.internet_gateway",
            "aws_vpc.vpc"
          ]
        }
      ]
    },
    {
      "mode": "managed",
      "type": "aws_instance",
      "name": "ubuntu_server",
      "provider": "provider[\"registry.terraform.io/hashicorp/aws\"]",
      "instances": [
        {
          "schema_version": 1,
          "attributes": {
            "ami": "ami-027a754129abb5386",
            "arn": "arn:aws:ec2:us-east-1:785131266845:instance/i-0b3aeef971d81e023",
            "associate_public_ip_address": true,
            "availability_zone": "us-east-1b",
            "capacity_reservation_specification": [
              {
                "capacity_reservation_preference": "open",
                "capacity_reservation_target": []
              }
            ],
            "cpu_core_count": 1,
            "cpu_options": [
              {
                "amd_sev_snp": "",
                "core_count": 1,
                "threads_per_core": 1
              }
            ],
            "cpu_threads_per_core": 1,
            "credit_specification": [
              {
                "cpu_credits": "standard"
              }
            ],
            "disable_api_stop": false,
            "disable_api_termination": false,
            "ebs_block_device": [],
            "ebs_optimized": false,
            "enclave_options": [
              {
                "enabled": false
              }
            ],
            "ephemeral_block_device": [],
            "get_password_data": false,
            "hibernation": false,
            "host_id": "",
            "host_resource_group_arn": null,
            "iam_instance_profile": "",
            "id": "i-0b3aeef971d81e023",
            "instance_initiated_shutdown_behavior": "stop",
            "instance_state": "running",
            "instance_type": "t2.micro",
            "ipv6_address_count": 0,
            "ipv6_addresses": [],
            "key_name": "475916_ec2_key",
            "launch_template": [],
            "maintenance_options": [
              {
                "auto_recovery": "default"
              }
            ],
            "metadata_options": [
              {
                "http_endpoint": "enabled",
                "http_put_response_hop_limit": 1,
                "http_tokens": "optional",
                "instance_metadata_tags": "disabled"
              }
            ],
            "monitoring": false,
            "network_interface": [],
            "outpost_arn": "",
            "password_data": "",
            "placement_group": "",
            "placement_partition_number": 0,
            "primary_network_interface_id": "eni-008a87c042664b486",
            "private_dns": "ip-10-0-101-130.ec2.internal",
            "private_dns_name_options": [
              {
                "enable_resource_name_dns_a_record": false,
                "enable_resource_name_dns_aaaa_record": false,
                "hostname_type": "ip-name"
              }
            ],
            "private_ip": "10.0.101.130",
            "public_dns": "ec2-54-80-59-211.compute-1.amazonaws.com",
            "public_ip": "54.80.59.211",
            "root_block_device": [
              {
                "delete_on_termination": true,
                "device_name": "/dev/sda1",
                "encrypted": false,
                "iops": 100,
                "kms_key_id": "",
                "tags": {},
                "throughput": 0,
                "volume_id": "vol-06dc4103941193c0d",
                "volume_size": 8,
                "volume_type": "gp2"
              }
            ],
            "secondary_private_ips": [],
            "security_groups": [
              "sg-09e115db9a9e9c5be",
              "sg-0e009af8e8cc52124",
              "sg-0e7b0fdeb364edfcc"
            ],
            "source_dest_check": true,
            "subnet_id": "subnet-0b311dee608c6133e",
            "tags": {
              "Name": "2048_app_475916"
            },
            "tags_all": {
              "Name": "2048_app_475916"
            },
            "tenancy": "default",
            "timeouts": null,
            "user_data": null,
            "user_data_base64": null,
            "user_data_replace_on_change": false,
            "volume_tags": null,
            "vpc_security_group_ids": [
              "sg-09e115db9a9e9c5be",
              "sg-0e009af8e8cc52124",
              "sg-0e7b0fdeb364edfcc"
            ]
          },
          "sensitive_attributes": [],
          "private": "eyJlMmJmYjczMC1lY2FhLTExZTYtOGY4OC0zNDM2M2JjN2M0YzAiOnsiY3JlYXRlIjo2MDAwMDAwMDAwMDAsImRlbGV0ZSI6MTIwMDAwMDAwMDAwMCwidXBkYXRlIjo2MDAwMDAwMDAwMDB9LCJzY2hlbWFfdmVyc2lvbiI6IjEifQ==",
          "dependencies": [
            "aws_key_pair.generated",
            "aws_security_group.ingress-ssh",
            "aws_security_group.vpc-ping",
            "aws_security_group.vpc-web",
            "aws_subnet.public_subnets",
            "aws_vpc.vpc",
            "data.aws_ami.ubuntu",
            "data.aws_availability_zones.available",
            "local_file.private_key_pem",
            "tls_private_key.generated"
          ]
        }
      ]
    },
    {
      "mode": "managed",
      "type": "aws_internet_gateway",
      "name": "internet_gateway",
      "provider": "provider[\"registry.terraform.io/hashicorp/aws\"]",
      "instances": [
        {
          "schema_version": 0,
          "attributes": {
            "arn": "arn:aws:ec2:us-east-1:785131266845:internet-gateway/igw-0c29bcb770c5f803c",
            "id": "igw-0c29bcb770c5f803c",
            "owner_id": "785131266845",
            "tags": {
              "Name": "475916_infra_igw"
            },
            "tags_all": {
              "Name": "475916_infra_igw"
            },
            "timeouts": null,
            "vpc_id": "vpc-08da0e24c648b8377"
          },
          "sensitive_attributes": [],
          "private": "eyJlMmJmYjczMC1lY2FhLTExZTYtOGY4OC0zNDM2M2JjN2M0YzAiOnsiY3JlYXRlIjoxMjAwMDAwMDAwMDAwLCJkZWxldGUiOjEyMDAwMDAwMDAwMDAsInVwZGF0ZSI6MTIwMDAwMDAwMDAwMH19",
          "dependencies": [
            "aws_vpc.vpc"
          ]
        }
      ]
    },
    {
      "mode": "managed",
      "type": "aws_key_pair",
      "name": "generated",
      "provider": "provider[\"registry.terraform.io/hashicorp/aws\"]",
      "instances": [
        {
          "schema_version": 1,
          "attributes": {
            "arn": "arn:aws:ec2:us-east-1:785131266845:key-pair/475916_ec2_key",
            "fingerprint": "29:c4:97:72:bf:62:46:96:d0:97:32:21:6e:93:8e:a7",
            "id": "475916_ec2_key",
            "key_name": "475916_ec2_key",
            "key_name_prefix": "",
            "key_pair_id": "key-09fcbb17ea76439de",
            "key_type": "rsa",
            "public_key": "ssh-rsa AAAAB3NzaC1yc2EAAAADAQABAAABAQDD0+leAg/+ymMbKtWwR4ZFO8MWAXfJxK4+K+KMxKAIlNffaGNs+5b4gYJXPmVy4ItWp/ENXu109AAsMi2MvFNJhEQgWQxjlYYamLkpqUn9qS+uh5jtvf3ucFBF/X3HrSHvqUrpdJ8dc1GvXmuGY4RwU2IW0lcj4Op5S0YhfoZH/qQR5kDi+TFgMMz/yWgfaUm5TOJzCLA94Wc5vk2hwiAdJFp+dBc3/zQcP/zd1vYSBwVDqzI3iorlRujUEKyeKCsX0oXpBbqIyjNgtMJRFuQ6mC2xJPphM8rloWzCZG6zSgvMUb+aZMR6NvT3lVVksx2JWby1U+Yt//R2IJds+co7",
            "tags": null,
            "tags_all": {}
          },
          "sensitive_attributes": [],
          "private": "eyJzY2hlbWFfdmVyc2lvbiI6IjEifQ==",
          "dependencies": [
            "tls_private_key.generated"
          ]
        }
      ]
    },
    {
      "mode": "managed",
      "type": "aws_nat_gateway",
      "name": "nat_gateway",
      "provider": "provider[\"registry.terraform.io/hashicorp/aws\"]",
      "instances": [
        {
          "schema_version": 0,
          "attributes": {
            "allocation_id": "eipalloc-08a9003a4851aef77",
            "association_id": "eipassoc-0f40fbfdb986dcbc6",
            "connectivity_type": "public",
            "id": "nat-01a2ca2fd8cd1b001",
            "network_interface_id": "eni-0ba412c91438e86da",
            "private_ip": "10.0.101.153",
            "public_ip": "52.3.7.254",
            "subnet_id": "subnet-0b311dee608c6133e",
            "tags": {
              "Name": "475916_infra_nat_gateway"
            },
            "tags_all": {
              "Name": "475916_infra_nat_gateway"
            }
          },
          "sensitive_attributes": [],
          "private": "bnVsbA==",
          "dependencies": [
            "aws_eip.nat_gateway_eip",
            "aws_internet_gateway.internet_gateway",
            "aws_subnet.public_subnets",
            "aws_vpc.vpc",
            "data.aws_availability_zones.available"
          ]
        }
      ]
    },
    {
      "mode": "managed",
      "type": "aws_route_table",
      "name": "private_route_table",
      "provider": "provider[\"registry.terraform.io/hashicorp/aws\"]",
      "instances": [
        {
          "schema_version": 0,
          "attributes": {
            "arn": "arn:aws:ec2:us-east-1:785131266845:route-table/rtb-0ebf43083498b2857",
            "id": "rtb-0ebf43083498b2857",
            "owner_id": "785131266845",
            "propagating_vgws": [],
            "route": [
              {
                "carrier_gateway_id": "",
                "cidr_block": "0.0.0.0/0",
                "core_network_arn": "",
                "destination_prefix_list_id": "",
                "egress_only_gateway_id": "",
                "gateway_id": "",
                "instance_id": "",
                "ipv6_cidr_block": "",
                "local_gateway_id": "",
                "nat_gateway_id": "nat-01a2ca2fd8cd1b001",
                "network_interface_id": "",
                "transit_gateway_id": "",
                "vpc_endpoint_id": "",
                "vpc_peering_connection_id": ""
              }
            ],
            "tags": {
              "Name": "475916_infra_private_rtb",
              "Terraform": "true"
            },
            "tags_all": {
              "Name": "475916_infra_private_rtb",
              "Terraform": "true"
            },
            "timeouts": null,
            "vpc_id": "vpc-08da0e24c648b8377"
          },
          "sensitive_attributes": [],
          "private": "eyJlMmJmYjczMC1lY2FhLTExZTYtOGY4OC0zNDM2M2JjN2M0YzAiOnsiY3JlYXRlIjozMDAwMDAwMDAwMDAsImRlbGV0ZSI6MzAwMDAwMDAwMDAwLCJ1cGRhdGUiOjEyMDAwMDAwMDAwMH19",
          "dependencies": [
            "aws_eip.nat_gateway_eip",
            "aws_internet_gateway.internet_gateway",
            "aws_nat_gateway.nat_gateway",
            "aws_subnet.public_subnets",
            "aws_vpc.vpc",
            "data.aws_availability_zones.available"
          ]
        }
      ]
    },
    {
      "mode": "managed",
      "type": "aws_route_table",
      "name": "public_route_table",
      "provider": "provider[\"registry.terraform.io/hashicorp/aws\"]",
      "instances": [
        {
          "schema_version": 0,
          "attributes": {
            "arn": "arn:aws:ec2:us-east-1:785131266845:route-table/rtb-0fae81ad0a83d6bc0",
            "id": "rtb-0fae81ad0a83d6bc0",
            "owner_id": "785131266845",
            "propagating_vgws": [],
            "route": [
              {
                "carrier_gateway_id": "",
                "cidr_block": "0.0.0.0/0",
                "core_network_arn": "",
                "destination_prefix_list_id": "",
                "egress_only_gateway_id": "",
                "gateway_id": "igw-0c29bcb770c5f803c",
                "instance_id": "",
                "ipv6_cidr_block": "",
                "local_gateway_id": "",
                "nat_gateway_id": "",
                "network_interface_id": "",
                "transit_gateway_id": "",
                "vpc_endpoint_id": "",
                "vpc_peering_connection_id": ""
              }
            ],
            "tags": {
              "Name": "475916_infra_public_rtb",
              "Terraform": "true"
            },
            "tags_all": {
              "Name": "475916_infra_public_rtb",
              "Terraform": "true"
            },
            "timeouts": null,
            "vpc_id": "vpc-08da0e24c648b8377"
          },
          "sensitive_attributes": [],
          "private": "eyJlMmJmYjczMC1lY2FhLTExZTYtOGY4OC0zNDM2M2JjN2M0YzAiOnsiY3JlYXRlIjozMDAwMDAwMDAwMDAsImRlbGV0ZSI6MzAwMDAwMDAwMDAwLCJ1cGRhdGUiOjEyMDAwMDAwMDAwMH19",
          "dependencies": [
            "aws_internet_gateway.internet_gateway",
            "aws_vpc.vpc"
          ]
        }
      ]
    },
    {
      "mode": "managed",
      "type": "aws_route_table_association",
      "name": "private",
      "provider": "provider[\"registry.terraform.io/hashicorp/aws\"]",
      "instances": [
        {
          "index_key": "private_subnet_1",
          "schema_version": 0,
          "attributes": {
            "gateway_id": "",
            "id": "rtbassoc-0c9328f8d84552d90",
            "route_table_id": "rtb-0ebf43083498b2857",
            "subnet_id": "subnet-0cf8a556c3670b3c4",
            "timeouts": null
          },
          "sensitive_attributes": [],
          "private": "eyJlMmJmYjczMC1lY2FhLTExZTYtOGY4OC0zNDM2M2JjN2M0YzAiOnsiY3JlYXRlIjozMDAwMDAwMDAwMDAsImRlbGV0ZSI6MzAwMDAwMDAwMDAwLCJ1cGRhdGUiOjEyMDAwMDAwMDAwMH19",
          "dependencies": [
            "aws_eip.nat_gateway_eip",
            "aws_internet_gateway.internet_gateway",
            "aws_nat_gateway.nat_gateway",
            "aws_route_table.private_route_table",
            "aws_subnet.private_subnets",
            "aws_subnet.public_subnets",
            "aws_vpc.vpc",
            "data.aws_availability_zones.available"
          ]
        }
      ]
    },
    {
      "mode": "managed",
      "type": "aws_route_table_association",
      "name": "public",
      "provider": "provider[\"registry.terraform.io/hashicorp/aws\"]",
      "instances": [
        {
          "index_key": "public_subnet_1",
          "schema_version": 0,
          "attributes": {
            "gateway_id": "",
            "id": "rtbassoc-027281300c619312b",
            "route_table_id": "rtb-0fae81ad0a83d6bc0",
            "subnet_id": "subnet-0b311dee608c6133e",
            "timeouts": null
          },
          "sensitive_attributes": [],
          "private": "eyJlMmJmYjczMC1lY2FhLTExZTYtOGY4OC0zNDM2M2JjN2M0YzAiOnsiY3JlYXRlIjozMDAwMDAwMDAwMDAsImRlbGV0ZSI6MzAwMDAwMDAwMDAwLCJ1cGRhdGUiOjEyMDAwMDAwMDAwMH19",
          "dependencies": [
            "aws_internet_gateway.internet_gateway",
            "aws_route_table.public_route_table",
            "aws_subnet.public_subnets",
            "aws_vpc.vpc",
            "data.aws_availability_zones.available"
          ]
        }
      ]
    },
    {
      "mode": "managed",
      "type": "aws_security_group",
      "name": "ingress-ssh",
      "provider": "provider[\"registry.terraform.io/hashicorp/aws\"]",
      "instances": [
        {
          "schema_version": 1,
          "attributes": {
            "arn": "arn:aws:ec2:us-east-1:785131266845:security-group/sg-0e009af8e8cc52124",
            "description": "Managed by Terraform",
            "egress": [
              {
                "cidr_blocks": [
                  "0.0.0.0/0"
                ],
                "description": "",
                "from_port": 0,
                "ipv6_cidr_blocks": [],
                "prefix_list_ids": [],
                "protocol": "-1",
                "security_groups": [],
                "self": false,
                "to_port": 0
              }
            ],
            "id": "sg-0e009af8e8cc52124",
            "ingress": [
              {
                "cidr_blocks": [
                  "0.0.0.0/0"
                ],
                "description": "",
                "from_port": 22,
                "ipv6_cidr_blocks": [],
                "prefix_list_ids": [],
                "protocol": "tcp",
                "security_groups": [],
                "self": false,
                "to_port": 22
              }
            ],
            "name": "allow-all-ssh",
            "name_prefix": "",
            "owner_id": "785131266845",
            "revoke_rules_on_delete": false,
            "tags": null,
            "tags_all": {},
            "timeouts": null,
            "vpc_id": "vpc-08da0e24c648b8377"
          },
          "sensitive_attributes": [],
          "private": "eyJlMmJmYjczMC1lY2FhLTExZTYtOGY4OC0zNDM2M2JjN2M0YzAiOnsiY3JlYXRlIjo2MDAwMDAwMDAwMDAsImRlbGV0ZSI6OTAwMDAwMDAwMDAwfSwic2NoZW1hX3ZlcnNpb24iOiIxIn0=",
          "dependencies": [
            "aws_vpc.vpc"
          ]
        }
      ]
    },
    {
      "mode": "managed",
      "type": "aws_security_group",
      "name": "vpc-ping",
      "provider": "provider[\"registry.terraform.io/hashicorp/aws\"]",
      "instances": [
        {
          "schema_version": 1,
          "attributes": {
            "arn": "arn:aws:ec2:us-east-1:785131266845:security-group/sg-0e7b0fdeb364edfcc",
            "description": "ICMP for Ping Access",
            "egress": [
              {
                "cidr_blocks": [
                  "0.0.0.0/0"
                ],
                "description": "Allow all ip and ports outboun",
                "from_port": 0,
                "ipv6_cidr_blocks": [],
                "prefix_list_ids": [],
                "protocol": "-1",
                "security_groups": [],
                "self": false,
                "to_port": 0
              }
            ],
            "id": "sg-0e7b0fdeb364edfcc",
            "ingress": [
              {
                "cidr_blocks": [
                  "0.0.0.0/0"
                ],
                "description": "Allow ICMP Traffic",
                "from_port": -1,
                "ipv6_cidr_blocks": [],
                "prefix_list_ids": [],
                "protocol": "icmp",
                "security_groups": [],
                "self": false,
                "to_port": -1
              }
            ],
            "name": "vpc-ping",
            "name_prefix": "",
            "owner_id": "785131266845",
            "revoke_rules_on_delete": false,
            "tags": null,
            "tags_all": {},
            "timeouts": null,
            "vpc_id": "vpc-08da0e24c648b8377"
          },
          "sensitive_attributes": [],
          "private": "eyJlMmJmYjczMC1lY2FhLTExZTYtOGY4OC0zNDM2M2JjN2M0YzAiOnsiY3JlYXRlIjo2MDAwMDAwMDAwMDAsImRlbGV0ZSI6OTAwMDAwMDAwMDAwfSwic2NoZW1hX3ZlcnNpb24iOiIxIn0=",
          "dependencies": [
            "aws_vpc.vpc"
          ]
        }
      ]
    },
    {
      "mode": "managed",
      "type": "aws_security_group",
      "name": "vpc-web",
      "provider": "provider[\"registry.terraform.io/hashicorp/aws\"]",
      "instances": [
        {
          "schema_version": 1,
          "attributes": {
            "arn": "arn:aws:ec2:us-east-1:785131266845:security-group/sg-09e115db9a9e9c5be",
            "description": "Web Traffic",
            "egress": [
              {
                "cidr_blocks": [
                  "0.0.0.0/0"
                ],
                "description": "Allow all ip and ports outbound",
                "from_port": 0,
                "ipv6_cidr_blocks": [],
                "prefix_list_ids": [],
                "protocol": "-1",
                "security_groups": [],
                "self": false,
                "to_port": 0
              }
            ],
            "id": "sg-09e115db9a9e9c5be",
            "ingress": [
              {
                "cidr_blocks": [
                  "0.0.0.0/0"
                ],
                "description": "Allow Port 443",
                "from_port": 443,
                "ipv6_cidr_blocks": [],
                "prefix_list_ids": [],
                "protocol": "tcp",
                "security_groups": [],
                "self": false,
                "to_port": 443
              },
              {
                "cidr_blocks": [
                  "0.0.0.0/0"
                ],
                "description": "Allow Port 80",
                "from_port": 80,
                "ipv6_cidr_blocks": [],
                "prefix_list_ids": [],
                "protocol": "tcp",
                "security_groups": [],
                "self": false,
                "to_port": 80
              }
            ],
            "name": "vpc-web-default",
            "name_prefix": "",
            "owner_id": "785131266845",
            "revoke_rules_on_delete": false,
            "tags": null,
            "tags_all": {},
            "timeouts": null,
            "vpc_id": "vpc-08da0e24c648b8377"
          },
          "sensitive_attributes": [],
          "private": "eyJlMmJmYjczMC1lY2FhLTExZTYtOGY4OC0zNDM2M2JjN2M0YzAiOnsiY3JlYXRlIjo2MDAwMDAwMDAwMDAsImRlbGV0ZSI6OTAwMDAwMDAwMDAwfSwic2NoZW1hX3ZlcnNpb24iOiIxIn0=",
          "dependencies": [
            "aws_vpc.vpc"
          ]
        }
      ]
    },
    {
      "mode": "managed",
      "type": "aws_subnet",
      "name": "private_subnets",
      "provider": "provider[\"registry.terraform.io/hashicorp/aws\"]",
      "instances": [
        {
          "index_key": "private_subnet_1",
          "schema_version": 1,
          "attributes": {
            "arn": "arn:aws:ec2:us-east-1:785131266845:subnet/subnet-0cf8a556c3670b3c4",
            "assign_ipv6_address_on_creation": false,
            "availability_zone": "us-east-1b",
            "availability_zone_id": "use1-az6",
            "cidr_block": "10.0.1.0/24",
            "customer_owned_ipv4_pool": "",
            "enable_dns64": false,
            "enable_lni_at_device_index": 0,
            "enable_resource_name_dns_a_record_on_launch": false,
            "enable_resource_name_dns_aaaa_record_on_launch": false,
            "id": "subnet-0cf8a556c3670b3c4",
            "ipv6_cidr_block": "",
            "ipv6_cidr_block_association_id": "",
            "ipv6_native": false,
            "map_customer_owned_ip_on_launch": false,
            "map_public_ip_on_launch": false,
            "outpost_arn": "",
            "owner_id": "785131266845",
            "private_dns_hostname_type_on_launch": "ip-name",
            "tags": {
              "Name": "private_subnet_1",
              "Terraform": "true"
            },
            "tags_all": {
              "Name": "private_subnet_1",
              "Terraform": "true"
            },
            "timeouts": null,
            "vpc_id": "vpc-08da0e24c648b8377"
          },
          "sensitive_attributes": [],
          "private": "eyJlMmJmYjczMC1lY2FhLTExZTYtOGY4OC0zNDM2M2JjN2M0YzAiOnsiY3JlYXRlIjo2MDAwMDAwMDAwMDAsImRlbGV0ZSI6MTIwMDAwMDAwMDAwMH0sInNjaGVtYV92ZXJzaW9uIjoiMSJ9",
          "dependencies": [
            "aws_vpc.vpc",
            "data.aws_availability_zones.available"
          ]
        }
      ]
    },
    {
      "mode": "managed",
      "type": "aws_subnet",
      "name": "public_subnets",
      "provider": "provider[\"registry.terraform.io/hashicorp/aws\"]",
      "instances": [
        {
          "index_key": "public_subnet_1",
          "schema_version": 1,
          "attributes": {
            "arn": "arn:aws:ec2:us-east-1:785131266845:subnet/subnet-0b311dee608c6133e",
            "assign_ipv6_address_on_creation": false,
            "availability_zone": "us-east-1b",
            "availability_zone_id": "use1-az6",
            "cidr_block": "10.0.101.0/24",
            "customer_owned_ipv4_pool": "",
            "enable_dns64": false,
            "enable_lni_at_device_index": 0,
            "enable_resource_name_dns_a_record_on_launch": false,
            "enable_resource_name_dns_aaaa_record_on_launch": false,
            "id": "subnet-0b311dee608c6133e",
            "ipv6_cidr_block": "",
            "ipv6_cidr_block_association_id": "",
            "ipv6_native": false,
            "map_customer_owned_ip_on_launch": false,
            "map_public_ip_on_launch": true,
            "outpost_arn": "",
            "owner_id": "785131266845",
            "private_dns_hostname_type_on_launch": "ip-name",
            "tags": {
              "Name": "public_subnet_1",
              "Terraform": "true"
            },
            "tags_all": {
              "Name": "public_subnet_1",
              "Terraform": "true"
            },
            "timeouts": null,
            "vpc_id": "vpc-08da0e24c648b8377"
          },
          "sensitive_attributes": [],
          "private": "eyJlMmJmYjczMC1lY2FhLTExZTYtOGY4OC0zNDM2M2JjN2M0YzAiOnsiY3JlYXRlIjo2MDAwMDAwMDAwMDAsImRlbGV0ZSI6MTIwMDAwMDAwMDAwMH0sInNjaGVtYV92ZXJzaW9uIjoiMSJ9",
          "dependencies": [
            "aws_vpc.vpc",
            "data.aws_availability_zones.available"
          ]
        }
      ]
    },
    {
      "mode": "managed",
      "type": "aws_vpc",
      "name": "vpc",
      "provider": "provider[\"registry.terraform.io/hashicorp/aws\"]",
      "instances": [
        {
          "schema_version": 1,
          "attributes": {
            "arn": "arn:aws:ec2:us-east-1:785131266845:vpc/vpc-08da0e24c648b8377",
            "assign_generated_ipv6_cidr_block": false,
            "cidr_block": "10.0.0.0/16",
            "default_network_acl_id": "acl-086e0fd8fe1d330ce",
            "default_route_table_id": "rtb-004d77a2e291d127c",
            "default_security_group_id": "sg-002e6f3b139b856a7",
            "dhcp_options_id": "dopt-12b60e68",
            "enable_classiclink": false,
            "enable_classiclink_dns_support": false,
            "enable_dns_hostnames": true,
            "enable_dns_support": true,
            "enable_network_address_usage_metrics": false,
            "id": "vpc-08da0e24c648b8377",
            "instance_tenancy": "default",
            "ipv4_ipam_pool_id": null,
            "ipv4_netmask_length": null,
            "ipv6_association_id": "",
            "ipv6_cidr_block": "",
            "ipv6_cidr_block_network_border_group": "",
            "ipv6_ipam_pool_id": "",
            "ipv6_netmask_length": 0,
            "main_route_table_id": "rtb-004d77a2e291d127c",
            "owner_id": "785131266845",
            "tags": {
              "Environment": "475916_infra_environment",
              "Name": "vpc_475916_A",
              "Terraform": "true"
            },
            "tags_all": {
              "Environment": "475916_infra_environment",
              "Name": "vpc_475916_A",
              "Terraform": "true"
            }
          },
          "sensitive_attributes": [],
          "private": "eyJzY2hlbWFfdmVyc2lvbiI6IjEifQ=="
        }
      ]
    },
    {
      "mode": "managed",
      "type": "local_file",
      "name": "private_key_pem",
      "provider": "provider[\"registry.terraform.io/hashicorp/local\"]",
      "instances": [
        {
          "schema_version": 0,
          "attributes": {
            "content": "-----BEGIN RSA PRIVATE KEY-----\nMIIEpAIBAAKCAQEAw9PpXgIP/spjGyrVsEeGRTvDFgF3ycSuPivijMSgCJTX32hj\nbPuW+IGCVz5lcuCLVqfxDV7tdPQALDItjLxTSYREIFkMY5WGGpi5KalJ/akvroeY\n7b397nBQRf19x60h76lK6XSfHXNRr15rhmOEcFNiFtJXI+DqeUtGIX6GR/6kEeZA\n4vkxYDDM/8loH2lJuUzicwiwPeFnOb5NocIgHSRafnQXN/80HD/83db2EgcFQ6sy\nN4qK5Ubo1BCsnigrF9KF6QW6iMozYLTCURbkOpgtsST6YTPK5aFswmRus0oLzFG/\nmmTEejb095VVZLMdiVm8tVPmLf/0diCXbPnKOwIDAQABAoIBADFFGv0dFbssXp0S\nPOt6Q20d6SqbOfFY++IGlpyGSCGAmYPLNuDPuB9ULmAXAd1SY5xs6rhLfwEi9vwn\nr9At/eKMVbuxy+0uTKxaapPx1PzuWWHXGgIPAFnChl/ltITNqbEr7f4o6nO1dQLj\nhbgtR8AfKpnFWEldqIDWEJISzGRGW31BJa7NXB4WMo6sNq2wpPnc+7t0rVoyUXxN\n6BnwtkiiSi/2em5qkuCm53oc6ON0/d7vIFpisWpbWsxNweU80CS4/1MpvxUIcyqM\naW+gVBSAb0knqBmCjk05FV1zfUt549imz3U46qUzjoxddhmXeSjAqp0UUUWZZ3XS\nrwIQNUECgYEA2v4fZ+70e48TAWt61QCrnY8VbMguyXTDM5H+HKmn/xblvUOf+eDn\ntXdWS8M2+o3E3+klbfSx8HieLybL5yXTpOSChqPLOQmTiVCCg4xmXqwb6N/05uOC\nTaoUlL153IBjkMn6Zl1hW7nwFfI9wnrXlhFMbhuCByYYVDbgmR6lEtsCgYEA5Oum\nIt7zGwVK7vLMdyz5CB1UwzXgLUIBMIZlWGQJyu4b6t5xBlVCevIT9zuAfyrNY5iz\nw6XOEIK5caDW8N0oRUeuBNN42jqFPFwvQ7hpmxPbZZkMaPzCZj4nCLLpsKkP4cuK\noKuwVZND6OF6X/U+jgBuQhNitALRRLCNh8XP1CECgYA0aV+Q22LN85cj3tpeAjQQ\nmH8TMvHnqzdQr1828u/PIGbJnla6UjaCetY/ebA91RJKWJ1prIetuuB4/nsMjkQS\nEdKfcLIhq4YQ9iDWZRLXE6/2Uytk2wyDk/IrCxIQUPYDYCO6vhyf/GdWiUx4sDfK\npcc6DwFWvqpR9XRZkTkGwwKBgQCYZVxDiKLU0TAyZMbDa9gZk9Uy47Hqzy8Vi9L6\nBhcS1nMVZ6JcsfPA/1lVVHJVtjvnWugJjl7hVPV5dLbCwKgnfvGVWubweNbr+P6q\nGaGMUKrVNw8w8VvFTwkTXHAAYHwnOCaAkeug/JnP9hNOwGg1hongSSGDbwC7tsFx\nqrmRoQKBgQC+KY4n3u4WcGcbOtvOud82NhAPim2ffrUAjM3hxfDeE4Em/+UgZur1\n+QetTaSAAUIfwV0rgYwMmC/DC9G4HsJhQ6BousymYpgwlw+/z9hH7RqZ788PMNz6\nqn8D5it0sMnVeEV6QdNNRirqVb2zf8/J1VPbiCmSL9CVlUEzc6YOEw==\n-----END RSA PRIVATE KEY-----\n",
            "content_base64": null,
            "directory_permission": "0777",
            "file_permission": "0777",
            "filename": "475916_ec2_key.pem",
            "id": "f77fc50b7b9794a99ab93dd3d7d8b53bc2570ef6",
            "sensitive_content": null,
            "source": null
          },
          "sensitive_attributes": [
            [
              {
                "type": "get_attr",
                "value": "content"
              }
            ]
          ],
          "private": "bnVsbA==",
          "dependencies": [
            "tls_private_key.generated"
          ]
        }
      ]
    },
    {
      "mode": "managed",
      "type": "random_string",
      "name": "random",
      "provider": "provider[\"registry.terraform.io/hashicorp/random\"]",
      "instances": [
        {
          "schema_version": 1,
          "attributes": {
            "id": ":T_L3I*mH\u003c",
            "keepers": null,
            "length": 10,
            "lower": true,
            "min_lower": 0,
            "min_numeric": 0,
            "min_special": 0,
            "min_upper": 0,
            "number": true,
            "override_special": null,
            "result": ":T_L3I*mH\u003c",
            "special": true,
            "upper": true
          },
          "sensitive_attributes": [],
          "private": "eyJzY2hlbWFfdmVyc2lvbiI6IjEifQ=="
        }
      ]
    },
    {
      "mode": "managed",
      "type": "tls_private_key",
      "name": "generated",
      "provider": "provider[\"registry.terraform.io/hashicorp/tls\"]",
      "instances": [
        {
          "schema_version": 1,
          "attributes": {
            "algorithm": "RSA",
            "ecdsa_curve": "P224",
            "id": "dc7bac47ff822320d8dd6ed5f2402b50ccafaa1b",
            "private_key_openssh": "-----BEGIN OPENSSH PRIVATE KEY-----\nb3BlbnNzaC1rZXktdjEAAAAABG5vbmUAAAAEbm9uZQAAAAAAAAABAAABFwAAAAdz\nc2gtcnNhAAAAAwEAAQAAAQEAw9PpXgIP/spjGyrVsEeGRTvDFgF3ycSuPivijMSg\nCJTX32hjbPuW+IGCVz5lcuCLVqfxDV7tdPQALDItjLxTSYREIFkMY5WGGpi5KalJ\n/akvroeY7b397nBQRf19x60h76lK6XSfHXNRr15rhmOEcFNiFtJXI+DqeUtGIX6G\nR/6kEeZA4vkxYDDM/8loH2lJuUzicwiwPeFnOb5NocIgHSRafnQXN/80HD/83db2\nEgcFQ6syN4qK5Ubo1BCsnigrF9KF6QW6iMozYLTCURbkOpgtsST6YTPK5aFswmRu\ns0oLzFG/mmTEejb095VVZLMdiVm8tVPmLf/0diCXbPnKOwAAA7iEbOByhGzgcgAA\nAAdzc2gtcnNhAAABAQDD0+leAg/+ymMbKtWwR4ZFO8MWAXfJxK4+K+KMxKAIlNff\naGNs+5b4gYJXPmVy4ItWp/ENXu109AAsMi2MvFNJhEQgWQxjlYYamLkpqUn9qS+u\nh5jtvf3ucFBF/X3HrSHvqUrpdJ8dc1GvXmuGY4RwU2IW0lcj4Op5S0YhfoZH/qQR\n5kDi+TFgMMz/yWgfaUm5TOJzCLA94Wc5vk2hwiAdJFp+dBc3/zQcP/zd1vYSBwVD\nqzI3iorlRujUEKyeKCsX0oXpBbqIyjNgtMJRFuQ6mC2xJPphM8rloWzCZG6zSgvM\nUb+aZMR6NvT3lVVksx2JWby1U+Yt//R2IJds+co7AAAAAwEAAQAAAQAxRRr9HRW7\nLF6dEjzrekNtHekqmznxWPviBpachkghgJmDyzbgz7gfVC5gFwHdUmOcbOq4S38B\nIvb8J6/QLf3ijFW7scvtLkysWmqT8dT87llh1xoCDwBZwoZf5bSEzamxK+3+KOpz\ntXUC44W4LUfAHyqZxVhJXaiA1hCSEsxkRlt9QSWuzVweFjKOrDatsKT53Pu7dK1a\nMlF8TegZ8LZIokov9npuapLgpud6HOjjdP3e7yBaYrFqW1rMTcHlPNAkuP9TKb8V\nCHMqjGlvoFQUgG9JJ6gZgo5NORVdc31LeePYps91OOqlM46MXXYZl3kowKqdFFFF\nmWd10q8CEDVBAAAAgQC+KY4n3u4WcGcbOtvOud82NhAPim2ffrUAjM3hxfDeE4Em\n/+UgZur1+QetTaSAAUIfwV0rgYwMmC/DC9G4HsJhQ6BousymYpgwlw+/z9hH7RqZ\n788PMNz6qn8D5it0sMnVeEV6QdNNRirqVb2zf8/J1VPbiCmSL9CVlUEzc6YOEwAA\nAIEA2v4fZ+70e48TAWt61QCrnY8VbMguyXTDM5H+HKmn/xblvUOf+eDntXdWS8M2\n+o3E3+klbfSx8HieLybL5yXTpOSChqPLOQmTiVCCg4xmXqwb6N/05uOCTaoUlL15\n3IBjkMn6Zl1hW7nwFfI9wnrXlhFMbhuCByYYVDbgmR6lEtsAAACBAOTrpiLe8xsF\nSu7yzHcs+QgdVMM14C1CATCGZVhkCcruG+recQZVQnryE/c7gH8qzWOYs8OlzhCC\nuXGg1vDdKEVHrgTTeNo6hTxcL0O4aZsT22WZDGj8wmY+Jwiy6bCpD+HLiqCrsFWT\nQ+jhel/1Po4AbkITYrQC0USwjYfFz9QhAAAAAAEC\n-----END OPENSSH PRIVATE KEY-----\n",
            "private_key_pem": "-----BEGIN RSA PRIVATE KEY-----\nMIIEpAIBAAKCAQEAw9PpXgIP/spjGyrVsEeGRTvDFgF3ycSuPivijMSgCJTX32hj\nbPuW+IGCVz5lcuCLVqfxDV7tdPQALDItjLxTSYREIFkMY5WGGpi5KalJ/akvroeY\n7b397nBQRf19x60h76lK6XSfHXNRr15rhmOEcFNiFtJXI+DqeUtGIX6GR/6kEeZA\n4vkxYDDM/8loH2lJuUzicwiwPeFnOb5NocIgHSRafnQXN/80HD/83db2EgcFQ6sy\nN4qK5Ubo1BCsnigrF9KF6QW6iMozYLTCURbkOpgtsST6YTPK5aFswmRus0oLzFG/\nmmTEejb095VVZLMdiVm8tVPmLf/0diCXbPnKOwIDAQABAoIBADFFGv0dFbssXp0S\nPOt6Q20d6SqbOfFY++IGlpyGSCGAmYPLNuDPuB9ULmAXAd1SY5xs6rhLfwEi9vwn\nr9At/eKMVbuxy+0uTKxaapPx1PzuWWHXGgIPAFnChl/ltITNqbEr7f4o6nO1dQLj\nhbgtR8AfKpnFWEldqIDWEJISzGRGW31BJa7NXB4WMo6sNq2wpPnc+7t0rVoyUXxN\n6BnwtkiiSi/2em5qkuCm53oc6ON0/d7vIFpisWpbWsxNweU80CS4/1MpvxUIcyqM\naW+gVBSAb0knqBmCjk05FV1zfUt549imz3U46qUzjoxddhmXeSjAqp0UUUWZZ3XS\nrwIQNUECgYEA2v4fZ+70e48TAWt61QCrnY8VbMguyXTDM5H+HKmn/xblvUOf+eDn\ntXdWS8M2+o3E3+klbfSx8HieLybL5yXTpOSChqPLOQmTiVCCg4xmXqwb6N/05uOC\nTaoUlL153IBjkMn6Zl1hW7nwFfI9wnrXlhFMbhuCByYYVDbgmR6lEtsCgYEA5Oum\nIt7zGwVK7vLMdyz5CB1UwzXgLUIBMIZlWGQJyu4b6t5xBlVCevIT9zuAfyrNY5iz\nw6XOEIK5caDW8N0oRUeuBNN42jqFPFwvQ7hpmxPbZZkMaPzCZj4nCLLpsKkP4cuK\noKuwVZND6OF6X/U+jgBuQhNitALRRLCNh8XP1CECgYA0aV+Q22LN85cj3tpeAjQQ\nmH8TMvHnqzdQr1828u/PIGbJnla6UjaCetY/ebA91RJKWJ1prIetuuB4/nsMjkQS\nEdKfcLIhq4YQ9iDWZRLXE6/2Uytk2wyDk/IrCxIQUPYDYCO6vhyf/GdWiUx4sDfK\npcc6DwFWvqpR9XRZkTkGwwKBgQCYZVxDiKLU0TAyZMbDa9gZk9Uy47Hqzy8Vi9L6\nBhcS1nMVZ6JcsfPA/1lVVHJVtjvnWugJjl7hVPV5dLbCwKgnfvGVWubweNbr+P6q\nGaGMUKrVNw8w8VvFTwkTXHAAYHwnOCaAkeug/JnP9hNOwGg1hongSSGDbwC7tsFx\nqrmRoQKBgQC+KY4n3u4WcGcbOtvOud82NhAPim2ffrUAjM3hxfDeE4Em/+UgZur1\n+QetTaSAAUIfwV0rgYwMmC/DC9G4HsJhQ6BousymYpgwlw+/z9hH7RqZ788PMNz6\nqn8D5it0sMnVeEV6QdNNRirqVb2zf8/J1VPbiCmSL9CVlUEzc6YOEw==\n-----END RSA PRIVATE KEY-----\n",
            "private_key_pem_pkcs8": "-----BEGIN PRIVATE KEY-----\nMIIEvgIBADANBgkqhkiG9w0BAQEFAASCBKgwggSkAgEAAoIBAQDD0+leAg/+ymMb\nKtWwR4ZFO8MWAXfJxK4+K+KMxKAIlNffaGNs+5b4gYJXPmVy4ItWp/ENXu109AAs\nMi2MvFNJhEQgWQxjlYYamLkpqUn9qS+uh5jtvf3ucFBF/X3HrSHvqUrpdJ8dc1Gv\nXmuGY4RwU2IW0lcj4Op5S0YhfoZH/qQR5kDi+TFgMMz/yWgfaUm5TOJzCLA94Wc5\nvk2hwiAdJFp+dBc3/zQcP/zd1vYSBwVDqzI3iorlRujUEKyeKCsX0oXpBbqIyjNg\ntMJRFuQ6mC2xJPphM8rloWzCZG6zSgvMUb+aZMR6NvT3lVVksx2JWby1U+Yt//R2\nIJds+co7AgMBAAECggEAMUUa/R0VuyxenRI863pDbR3pKps58Vj74gaWnIZIIYCZ\ng8s24M+4H1QuYBcB3VJjnGzquEt/ASL2/Cev0C394oxVu7HL7S5MrFpqk/HU/O5Z\nYdcaAg8AWcKGX+W0hM2psSvt/ijqc7V1AuOFuC1HwB8qmcVYSV2ogNYQkhLMZEZb\nfUElrs1cHhYyjqw2rbCk+dz7u3StWjJRfE3oGfC2SKJKL/Z6bmqS4Kbnehzo43T9\n3u8gWmKxaltazE3B5TzQJLj/Uym/FQhzKoxpb6BUFIBvSSeoGYKOTTkVXXN9S3nj\n2KbPdTjqpTOOjF12GZd5KMCqnRRRRZlnddKvAhA1QQKBgQDa/h9n7vR7jxMBa3rV\nAKudjxVsyC7JdMMzkf4cqaf/FuW9Q5/54Oe1d1ZLwzb6jcTf6SVt9LHweJ4vJsvn\nJdOk5IKGo8s5CZOJUIKDjGZerBvo3/Tm44JNqhSUvXncgGOQyfpmXWFbufAV8j3C\neteWEUxuG4IHJhhUNuCZHqUS2wKBgQDk66Yi3vMbBUru8sx3LPkIHVTDNeAtQgEw\nhmVYZAnK7hvq3nEGVUJ68hP3O4B/Ks1jmLPDpc4QgrlxoNbw3ShFR64E03jaOoU8\nXC9DuGmbE9tlmQxo/MJmPicIsumwqQ/hy4qgq7BVk0Po4Xpf9T6OAG5CE2K0AtFE\nsI2Hxc/UIQKBgDRpX5DbYs3zlyPe2l4CNBCYfxMy8eerN1CvXzby788gZsmeVrpS\nNoJ61j95sD3VEkpYnWmsh6264Hj+ewyORBIR0p9wsiGrhhD2INZlEtcTr/ZTK2Tb\nDIOT8isLEhBQ9gNgI7q+HJ/8Z1aJTHiwN8qlxzoPAVa+qlH1dFmROQbDAoGBAJhl\nXEOIotTRMDJkxsNr2BmT1TLjserPLxWL0voGFxLWcxVnolyx88D/WVVUclW2O+da\n6AmOXuFU9Xl0tsLAqCd+8ZVa5vB41uv4/qoZoYxQqtU3DzDxW8VPCRNccABgfCc4\nJoCR66D8mc/2E07AaDWGieBJIYNvALu2wXGquZGhAoGBAL4pjife7hZwZxs62865\n3zY2EA+KbZ9+tQCMzeHF8N4TgSb/5SBm6vX5B61NpIABQh/BXSuBjAyYL8ML0bge\nwmFDoGi6zKZimDCXD7/P2EftGpnvzw8w3PqqfwPmK3SwydV4RXpB001GKupVvbN/\nz8nVU9uIKZIv0JWVQTNzpg4T\n-----END PRIVATE KEY-----\n",
            "public_key_fingerprint_md5": "83:e9:ce:f1:3d:6f:be:c6:63:36:dd:2b:89:9d:9a:3c",
            "public_key_fingerprint_sha256": "SHA256:HAYBH109B2NGmPm9nS7DBQd5lMY+EwkIs18vk71iGzM",
            "public_key_openssh": "ssh-rsa AAAAB3NzaC1yc2EAAAADAQABAAABAQDD0+leAg/+ymMbKtWwR4ZFO8MWAXfJxK4+K+KMxKAIlNffaGNs+5b4gYJXPmVy4ItWp/ENXu109AAsMi2MvFNJhEQgWQxjlYYamLkpqUn9qS+uh5jtvf3ucFBF/X3HrSHvqUrpdJ8dc1GvXmuGY4RwU2IW0lcj4Op5S0YhfoZH/qQR5kDi+TFgMMz/yWgfaUm5TOJzCLA94Wc5vk2hwiAdJFp+dBc3/zQcP/zd1vYSBwVDqzI3iorlRujUEKyeKCsX0oXpBbqIyjNgtMJRFuQ6mC2xJPphM8rloWzCZG6zSgvMUb+aZMR6NvT3lVVksx2JWby1U+Yt//R2IJds+co7\n",
            "public_key_pem": "-----BEGIN PUBLIC KEY-----\nMIIBIjANBgkqhkiG9w0BAQEFAAOCAQ8AMIIBCgKCAQEAw9PpXgIP/spjGyrVsEeG\nRTvDFgF3ycSuPivijMSgCJTX32hjbPuW+IGCVz5lcuCLVqfxDV7tdPQALDItjLxT\nSYREIFkMY5WGGpi5KalJ/akvroeY7b397nBQRf19x60h76lK6XSfHXNRr15rhmOE\ncFNiFtJXI+DqeUtGIX6GR/6kEeZA4vkxYDDM/8loH2lJuUzicwiwPeFnOb5NocIg\nHSRafnQXN/80HD/83db2EgcFQ6syN4qK5Ubo1BCsnigrF9KF6QW6iMozYLTCURbk\nOpgtsST6YTPK5aFswmRus0oLzFG/mmTEejb095VVZLMdiVm8tVPmLf/0diCXbPnK\nOwIDAQAB\n-----END PUBLIC KEY-----\n",
            "rsa_bits": 2048
          },
          "sensitive_attributes": []
        }
      ]
    }
  ],
  "check_results": null
}
